
Microsoft Visual Studio Solution File, Format Version 12.00
# Visual Studio 15
VisualStudioVersion = 15.0.28010.2016
MinimumVisualStudioVersion = 10.0.40219.1
Project("{2150E333-8FDC-42A3-9474-1A3956D46DE8}") = "01-kintamieji", "01-kintamieji", "{D13E1DC7-0371-4FCA-AD44-D3E8C99FF056}"
EndProject
Project("{FAE04EC0-301F-11D3-BF4B-00C04F79EFBC}") = "1-1 pavyzdys", "1-1 pavyzdys\1-1 pavyzdys.csproj", "{E15EDB38-2F0E-45B4-AB2A-14055FBFAC18}"
EndProject
Project("{FAE04EC0-301F-11D3-BF4B-00C04F79EFBC}") = "1-2 pavyzdys", "1-2 pavyzdys\1-2 pavyzdys.csproj", "{72FFCD42-A902-4A98-AC65-DDC0F9A66E48}"
EndProject
Project("{FAE04EC0-301F-11D3-BF4B-00C04F79EFBC}") = "1-3 pavyzdys", "1-3 pavyzdys\1-3 pavyzdys.csproj", "{CB8215E2-3B99-4B7C-93EF-48439785C75C}"
EndProject
Project("{FAE04EC0-301F-11D3-BF4B-00C04F79EFBC}") = "1-4 pavyzdys", "1-4 pavyzdys\1-4 pavyzdys.csproj", "{41131531-68B7-4B07-B5D0-E2E389CDBF15}"
EndProject
Project("{FAE04EC0-301F-11D3-BF4B-00C04F79EFBC}") = "1-5 pavyzdys", "1-5 pavyzdys\1-5 pavyzdys.csproj", "{93EC6D57-E24C-44FB-BDFC-ED4FBBDE3430}"
EndProject
Project("{2150E333-8FDC-42A3-9474-1A3956D46DE8}") = "02-isvedimas", "02-isvedimas", "{7F5E744F-9F51-4215-95BA-1A60D3C4C724}"
EndProject
Project("{FAE04EC0-301F-11D3-BF4B-00C04F79EFBC}") = "2-1 pavyzdys", "2-1 pavyzdys\2-1 pavyzdys.csproj", "{62F1E7CA-C8E2-42C2-94DB-3D91F06D22F3}"
EndProject
Project("{FAE04EC0-301F-11D3-BF4B-00C04F79EFBC}") = "2-2 pavyzdys", "2-2 pavyzdys\2-2 pavyzdys.csproj", "{AA1C350E-3E0E-4B4B-AD27-76F4A5852FDA}"
EndProject
Project("{FAE04EC0-301F-11D3-BF4B-00C04F79EFBC}") = "2-3 pavyzdys", "2-3 pavyzdys\2-3 pavyzdys.csproj", "{569B20CA-7E11-4ED9-9A19-1DC95CE38718}"
EndProject
Project("{FAE04EC0-301F-11D3-BF4B-00C04F79EFBC}") = "2-4 pavyzdys", "2-4 pavyzdys\2-4 pavyzdys.csproj", "{DFA5A590-9AED-4A47-855E-1C39516926B4}"
EndProject
Project("{FAE04EC0-301F-11D3-BF4B-00C04F79EFBC}") = "2-5 pavyzdys", "2-5 pavyzdys\2-5 pavyzdys.csproj", "{92E7534D-CF2D-44A1-B332-66DDC0C409D9}"
EndProject
Project("{FAE04EC0-301F-11D3-BF4B-00C04F79EFBC}") = "2-6 pavyzdys", "2-6 pavyzdys\2-6 pavyzdys.csproj", "{669C70C4-B6AD-4445-90B1-80D618C2AF66}"
EndProject
Project("{FAE04EC0-301F-11D3-BF4B-00C04F79EFBC}") = "2-7 pavyzdys", "2-7 pavyzdys\2-7 pavyzdys.csproj", "{70FDC55B-2BEA-4F4D-95D6-59FC89C04343}"
EndProject
Project("{FAE04EC0-301F-11D3-BF4B-00C04F79EFBC}") = "2-8 pavyzdys", "2-8 pavyzdys\2-8 pavyzdys.csproj", "{A7E6E008-79C3-4266-88A3-C87B9CF3B468}"
EndProject
Project("{FAE04EC0-301F-11D3-BF4B-00C04F79EFBC}") = "2-9 pavyzdys", "2-9 pavyzdys\2-9 pavyzdys.csproj", "{45DE55E5-7939-436D-8E63-937BD2BB413A}"
EndProject
Project("{FAE04EC0-301F-11D3-BF4B-00C04F79EFBC}") = "2-10 pavyzdys", "2-10 pavyzdys\2-10 pavyzdys.csproj", "{A0EE5947-6F2D-4A65-ABD0-38C7B007CAAA}"
EndProject
Project("{FAE04EC0-301F-11D3-BF4B-00C04F79EFBC}") = "2-11 pavyzdys", "2-11 pavyzdys\2-11 pavyzdys.csproj", "{F3D5E0F6-3296-4CFC-B343-67737F45F346}"
EndProject
Project("{FAE04EC0-301F-11D3-BF4B-00C04F79EFBC}") = "2-12 pavyzdys", "2-12 pavyzdys\2-12 pavyzdys.csproj", "{8AD87A62-4350-411C-A5D2-622BE8B85D6C}"
EndProject
Project("{FAE04EC0-301F-11D3-BF4B-00C04F79EFBC}") = "2-13 pavyzdys", "2-13 pavyzdys\2-13 pavyzdys.csproj", "{57196AB2-9B33-405E-91AC-79B96C64FCF6}"
EndProject
Project("{FAE04EC0-301F-11D3-BF4B-00C04F79EFBC}") = "2-14 pavyzdys", "2-14 pavyzdys\2-14 pavyzdys.csproj", "{28C2DF4F-A013-43DB-A7F7-76B92E2DCB1C}"
EndProject
Project("{FAE04EC0-301F-11D3-BF4B-00C04F79EFBC}") = "2-15 pavyzdys", "2-15 pavyzdys\2-15 pavyzdys.csproj", "{A6C00874-2D5D-4DA1-B3C8-3A1F37A88E69}"
EndProject
Project("{FAE04EC0-301F-11D3-BF4B-00C04F79EFBC}") = "2-16 pavyzdys", "2-16 pavyzdys\2-16 pavyzdys.csproj", "{622111D6-58D9-4116-944C-8018183C2F33}"
EndProject
Project("{FAE04EC0-301F-11D3-BF4B-00C04F79EFBC}") = "2-17 pavyzdys", "2-17 pavyzdys\2-17 pavyzdys.csproj", "{89940584-9D8C-44C9-A955-AD38219B9CC4}"
EndProject
Project("{FAE04EC0-301F-11D3-BF4B-00C04F79EFBC}") = "2-18 pavyzdys", "2-18 pavyzdys\2-18 pavyzdys.csproj", "{818D2815-6DEB-4CA9-AF42-300C1F16806A}"
EndProject
Project("{FAE04EC0-301F-11D3-BF4B-00C04F79EFBC}") = "2-19 pavyzdys", "2-19 pavyzdys\2-19 pavyzdys.csproj", "{ED982C8D-1566-49B3-A9D6-FE06A32F66BB}"
EndProject
Global
	GlobalSection(SolutionConfigurationPlatforms) = preSolution
		Debug|Any CPU = Debug|Any CPU
		Release|Any CPU = Release|Any CPU
	EndGlobalSection
	GlobalSection(ProjectConfigurationPlatforms) = postSolution
		{E15EDB38-2F0E-45B4-AB2A-14055FBFAC18}.Debug|Any CPU.ActiveCfg = Debug|Any CPU
		{E15EDB38-2F0E-45B4-AB2A-14055FBFAC18}.Debug|Any CPU.Build.0 = Debug|Any CPU
		{E15EDB38-2F0E-45B4-AB2A-14055FBFAC18}.Release|Any CPU.ActiveCfg = Release|Any CPU
		{E15EDB38-2F0E-45B4-AB2A-14055FBFAC18}.Release|Any CPU.Build.0 = Release|Any CPU
		{72FFCD42-A902-4A98-AC65-DDC0F9A66E48}.Debug|Any CPU.ActiveCfg = Debug|Any CPU
		{72FFCD42-A902-4A98-AC65-DDC0F9A66E48}.Debug|Any CPU.Build.0 = Debug|Any CPU
		{72FFCD42-A902-4A98-AC65-DDC0F9A66E48}.Release|Any CPU.ActiveCfg = Release|Any CPU
		{72FFCD42-A902-4A98-AC65-DDC0F9A66E48}.Release|Any CPU.Build.0 = Release|Any CPU
		{CB8215E2-3B99-4B7C-93EF-48439785C75C}.Debug|Any CPU.ActiveCfg = Debug|Any CPU
		{CB8215E2-3B99-4B7C-93EF-48439785C75C}.Debug|Any CPU.Build.0 = Debug|Any CPU
		{CB8215E2-3B99-4B7C-93EF-48439785C75C}.Release|Any CPU.ActiveCfg = Release|Any CPU
		{CB8215E2-3B99-4B7C-93EF-48439785C75C}.Release|Any CPU.Build.0 = Release|Any CPU
		{41131531-68B7-4B07-B5D0-E2E389CDBF15}.Debug|Any CPU.ActiveCfg = Debug|Any CPU
		{41131531-68B7-4B07-B5D0-E2E389CDBF15}.Debug|Any CPU.Build.0 = Debug|Any CPU
		{41131531-68B7-4B07-B5D0-E2E389CDBF15}.Release|Any CPU.ActiveCfg = Release|Any CPU
		{41131531-68B7-4B07-B5D0-E2E389CDBF15}.Release|Any CPU.Build.0 = Release|Any CPU
		{93EC6D57-E24C-44FB-BDFC-ED4FBBDE3430}.Debug|Any CPU.ActiveCfg = Debug|Any CPU
		{93EC6D57-E24C-44FB-BDFC-ED4FBBDE3430}.Debug|Any CPU.Build.0 = Debug|Any CPU
		{93EC6D57-E24C-44FB-BDFC-ED4FBBDE3430}.Release|Any CPU.ActiveCfg = Release|Any CPU
		{93EC6D57-E24C-44FB-BDFC-ED4FBBDE3430}.Release|Any CPU.Build.0 = Release|Any CPU
		{62F1E7CA-C8E2-42C2-94DB-3D91F06D22F3}.Debug|Any CPU.ActiveCfg = Debug|Any CPU
		{62F1E7CA-C8E2-42C2-94DB-3D91F06D22F3}.Debug|Any CPU.Build.0 = Debug|Any CPU
		{62F1E7CA-C8E2-42C2-94DB-3D91F06D22F3}.Release|Any CPU.ActiveCfg = Release|Any CPU
		{62F1E7CA-C8E2-42C2-94DB-3D91F06D22F3}.Release|Any CPU.Build.0 = Release|Any CPU
		{AA1C350E-3E0E-4B4B-AD27-76F4A5852FDA}.Debug|Any CPU.ActiveCfg = Debug|Any CPU
		{AA1C350E-3E0E-4B4B-AD27-76F4A5852FDA}.Debug|Any CPU.Build.0 = Debug|Any CPU
		{AA1C350E-3E0E-4B4B-AD27-76F4A5852FDA}.Release|Any CPU.ActiveCfg = Release|Any CPU
		{AA1C350E-3E0E-4B4B-AD27-76F4A5852FDA}.Release|Any CPU.Build.0 = Release|Any CPU
		{569B20CA-7E11-4ED9-9A19-1DC95CE38718}.Debug|Any CPU.ActiveCfg = Debug|Any CPU
		{569B20CA-7E11-4ED9-9A19-1DC95CE38718}.Debug|Any CPU.Build.0 = Debug|Any CPU
		{569B20CA-7E11-4ED9-9A19-1DC95CE38718}.Release|Any CPU.ActiveCfg = Release|Any CPU
		{569B20CA-7E11-4ED9-9A19-1DC95CE38718}.Release|Any CPU.Build.0 = Release|Any CPU
		{DFA5A590-9AED-4A47-855E-1C39516926B4}.Debug|Any CPU.ActiveCfg = Debug|Any CPU
		{DFA5A590-9AED-4A47-855E-1C39516926B4}.Debug|Any CPU.Build.0 = Debug|Any CPU
		{DFA5A590-9AED-4A47-855E-1C39516926B4}.Release|Any CPU.ActiveCfg = Release|Any CPU
		{DFA5A590-9AED-4A47-855E-1C39516926B4}.Release|Any CPU.Build.0 = Release|Any CPU
		{92E7534D-CF2D-44A1-B332-66DDC0C409D9}.Debug|Any CPU.ActiveCfg = Debug|Any CPU
		{92E7534D-CF2D-44A1-B332-66DDC0C409D9}.Debug|Any CPU.Build.0 = Debug|Any CPU
		{92E7534D-CF2D-44A1-B332-66DDC0C409D9}.Release|Any CPU.ActiveCfg = Release|Any CPU
		{92E7534D-CF2D-44A1-B332-66DDC0C409D9}.Release|Any CPU.Build.0 = Release|Any CPU
		{669C70C4-B6AD-4445-90B1-80D618C2AF66}.Debug|Any CPU.ActiveCfg = Debug|Any CPU
		{669C70C4-B6AD-4445-90B1-80D618C2AF66}.Debug|Any CPU.Build.0 = Debug|Any CPU
		{669C70C4-B6AD-4445-90B1-80D618C2AF66}.Release|Any CPU.ActiveCfg = Release|Any CPU
		{669C70C4-B6AD-4445-90B1-80D618C2AF66}.Release|Any CPU.Build.0 = Release|Any CPU
		{70FDC55B-2BEA-4F4D-95D6-59FC89C04343}.Debug|Any CPU.ActiveCfg = Debug|Any CPU
		{70FDC55B-2BEA-4F4D-95D6-59FC89C04343}.Debug|Any CPU.Build.0 = Debug|Any CPU
		{70FDC55B-2BEA-4F4D-95D6-59FC89C04343}.Release|Any CPU.ActiveCfg = Release|Any CPU
		{70FDC55B-2BEA-4F4D-95D6-59FC89C04343}.Release|Any CPU.Build.0 = Release|Any CPU
		{A7E6E008-79C3-4266-88A3-C87B9CF3B468}.Debug|Any CPU.ActiveCfg = Debug|Any CPU
		{A7E6E008-79C3-4266-88A3-C87B9CF3B468}.Debug|Any CPU.Build.0 = Debug|Any CPU
		{A7E6E008-79C3-4266-88A3-C87B9CF3B468}.Release|Any CPU.ActiveCfg = Release|Any CPU
		{A7E6E008-79C3-4266-88A3-C87B9CF3B468}.Release|Any CPU.Build.0 = Release|Any CPU
		{45DE55E5-7939-436D-8E63-937BD2BB413A}.Debug|Any CPU.ActiveCfg = Debug|Any CPU
		{45DE55E5-7939-436D-8E63-937BD2BB413A}.Debug|Any CPU.Build.0 = Debug|Any CPU
		{45DE55E5-7939-436D-8E63-937BD2BB413A}.Release|Any CPU.ActiveCfg = Release|Any CPU
		{45DE55E5-7939-436D-8E63-937BD2BB413A}.Release|Any CPU.Build.0 = Release|Any CPU
		{A0EE5947-6F2D-4A65-ABD0-38C7B007CAAA}.Debug|Any CPU.ActiveCfg = Debug|Any CPU
		{A0EE5947-6F2D-4A65-ABD0-38C7B007CAAA}.Debug|Any CPU.Build.0 = Debug|Any CPU
		{A0EE5947-6F2D-4A65-ABD0-38C7B007CAAA}.Release|Any CPU.ActiveCfg = Release|Any CPU
		{A0EE5947-6F2D-4A65-ABD0-38C7B007CAAA}.Release|Any CPU.Build.0 = Release|Any CPU
		{F3D5E0F6-3296-4CFC-B343-67737F45F346}.Debug|Any CPU.ActiveCfg = Debug|Any CPU
		{F3D5E0F6-3296-4CFC-B343-67737F45F346}.Debug|Any CPU.Build.0 = Debug|Any CPU
		{F3D5E0F6-3296-4CFC-B343-67737F45F346}.Release|Any CPU.ActiveCfg = Release|Any CPU
		{F3D5E0F6-3296-4CFC-B343-67737F45F346}.Release|Any CPU.Build.0 = Release|Any CPU
		{8AD87A62-4350-411C-A5D2-622BE8B85D6C}.Debug|Any CPU.ActiveCfg = Debug|Any CPU
		{8AD87A62-4350-411C-A5D2-622BE8B85D6C}.Debug|Any CPU.Build.0 = Debug|Any CPU
		{8AD87A62-4350-411C-A5D2-622BE8B85D6C}.Release|Any CPU.ActiveCfg = Release|Any CPU
		{8AD87A62-4350-411C-A5D2-622BE8B85D6C}.Release|Any CPU.Build.0 = Release|Any CPU
		{57196AB2-9B33-405E-91AC-79B96C64FCF6}.Debug|Any CPU.ActiveCfg = Debug|Any CPU
		{57196AB2-9B33-405E-91AC-79B96C64FCF6}.Debug|Any CPU.Build.0 = Debug|Any CPU
		{57196AB2-9B33-405E-91AC-79B96C64FCF6}.Release|Any CPU.ActiveCfg = Release|Any CPU
		{57196AB2-9B33-405E-91AC-79B96C64FCF6}.Release|Any CPU.Build.0 = Release|Any CPU
		{28C2DF4F-A013-43DB-A7F7-76B92E2DCB1C}.Debug|Any CPU.ActiveCfg = Debug|Any CPU
		{28C2DF4F-A013-43DB-A7F7-76B92E2DCB1C}.Debug|Any CPU.Build.0 = Debug|Any CPU
		{28C2DF4F-A013-43DB-A7F7-76B92E2DCB1C}.Release|Any CPU.ActiveCfg = Release|Any CPU
		{28C2DF4F-A013-43DB-A7F7-76B92E2DCB1C}.Release|Any CPU.Build.0 = Release|Any CPU
		{A6C00874-2D5D-4DA1-B3C8-3A1F37A88E69}.Debug|Any CPU.ActiveCfg = Debug|Any CPU
		{A6C00874-2D5D-4DA1-B3C8-3A1F37A88E69}.Debug|Any CPU.Build.0 = Debug|Any CPU
		{A6C00874-2D5D-4DA1-B3C8-3A1F37A88E69}.Release|Any CPU.ActiveCfg = Release|Any CPU
		{A6C00874-2D5D-4DA1-B3C8-3A1F37A88E69}.Release|Any CPU.Build.0 = Release|Any CPU
		{622111D6-58D9-4116-944C-8018183C2F33}.Debug|Any CPU.ActiveCfg = Debug|Any CPU
		{622111D6-58D9-4116-944C-8018183C2F33}.Debug|Any CPU.Build.0 = Debug|Any CPU
		{622111D6-58D9-4116-944C-8018183C2F33}.Release|Any CPU.ActiveCfg = Release|Any CPU
		{622111D6-58D9-4116-944C-8018183C2F33}.Release|Any CPU.Build.0 = Release|Any CPU
		{89940584-9D8C-44C9-A955-AD38219B9CC4}.Debug|Any CPU.ActiveCfg = Debug|Any CPU
		{89940584-9D8C-44C9-A955-AD38219B9CC4}.Debug|Any CPU.Build.0 = Debug|Any CPU
		{89940584-9D8C-44C9-A955-AD38219B9CC4}.Release|Any CPU.ActiveCfg = Release|Any CPU
		{89940584-9D8C-44C9-A955-AD38219B9CC4}.Release|Any CPU.Build.0 = Release|Any CPU
		{818D2815-6DEB-4CA9-AF42-300C1F16806A}.Debug|Any CPU.ActiveCfg = Debug|Any CPU
		{818D2815-6DEB-4CA9-AF42-300C1F16806A}.Debug|Any CPU.Build.0 = Debug|Any CPU
		{818D2815-6DEB-4CA9-AF42-300C1F16806A}.Release|Any CPU.ActiveCfg = Release|Any CPU
		{818D2815-6DEB-4CA9-AF42-300C1F16806A}.Release|Any CPU.Build.0 = Release|Any CPU
		{ED982C8D-1566-49B3-A9D6-FE06A32F66BB}.Debug|Any CPU.ActiveCfg = Debug|Any CPU
		{ED982C8D-1566-49B3-A9D6-FE06A32F66BB}.Debug|Any CPU.Build.0 = Debug|Any CPU
		{ED982C8D-1566-49B3-A9D6-FE06A32F66BB}.Release|Any CPU.ActiveCfg = Release|Any CPU
		{ED982C8D-1566-49B3-A9D6-FE06A32F66BB}.Release|Any CPU.Build.0 = Release|Any CPU
	EndGlobalSection
	GlobalSection(SolutionProperties) = preSolution
		HideSolutionNode = FALSE
	EndGlobalSection
	GlobalSection(NestedProjects) = preSolution
		{E15EDB38-2F0E-45B4-AB2A-14055FBFAC18} = {D13E1DC7-0371-4FCA-AD44-D3E8C99FF056}
		{72FFCD42-A902-4A98-AC65-DDC0F9A66E48} = {D13E1DC7-0371-4FCA-AD44-D3E8C99FF056}
		{CB8215E2-3B99-4B7C-93EF-48439785C75C} = {D13E1DC7-0371-4FCA-AD44-D3E8C99FF056}
		{41131531-68B7-4B07-B5D0-E2E389CDBF15} = {D13E1DC7-0371-4FCA-AD44-D3E8C99FF056}
		{93EC6D57-E24C-44FB-BDFC-ED4FBBDE3430} = {D13E1DC7-0371-4FCA-AD44-D3E8C99FF056}
		{62F1E7CA-C8E2-42C2-94DB-3D91F06D22F3} = {7F5E744F-9F51-4215-95BA-1A60D3C4C724}
		{AA1C350E-3E0E-4B4B-AD27-76F4A5852FDA} = {7F5E744F-9F51-4215-95BA-1A60D3C4C724}
		{569B20CA-7E11-4ED9-9A19-1DC95CE38718} = {7F5E744F-9F51-4215-95BA-1A60D3C4C724}
		{DFA5A590-9AED-4A47-855E-1C39516926B4} = {7F5E744F-9F51-4215-95BA-1A60D3C4C724}
		{92E7534D-CF2D-44A1-B332-66DDC0C409D9} = {7F5E744F-9F51-4215-95BA-1A60D3C4C724}
		{669C70C4-B6AD-4445-90B1-80D618C2AF66} = {7F5E744F-9F51-4215-95BA-1A60D3C4C724}
		{70FDC55B-2BEA-4F4D-95D6-59FC89C04343} = {7F5E744F-9F51-4215-95BA-1A60D3C4C724}
		{A7E6E008-79C3-4266-88A3-C87B9CF3B468} = {7F5E744F-9F51-4215-95BA-1A60D3C4C724}
		{45DE55E5-7939-436D-8E63-937BD2BB413A} = {7F5E744F-9F51-4215-95BA-1A60D3C4C724}
		{A0EE5947-6F2D-4A65-ABD0-38C7B007CAAA} = {7F5E744F-9F51-4215-95BA-1A60D3C4C724}
		{F3D5E0F6-3296-4CFC-B343-67737F45F346} = {7F5E744F-9F51-4215-95BA-1A60D3C4C724}
		{8AD87A62-4350-411C-A5D2-622BE8B85D6C} = {7F5E744F-9F51-4215-95BA-1A60D3C4C724}
		{57196AB2-9B33-405E-91AC-79B96C64FCF6} = {7F5E744F-9F51-4215-95BA-1A60D3C4C724}
		{28C2DF4F-A013-43DB-A7F7-76B92E2DCB1C} = {7F5E744F-9F51-4215-95BA-1A60D3C4C724}
		{A6C00874-2D5D-4DA1-B3C8-3A1F37A88E69} = {7F5E744F-9F51-4215-95BA-1A60D3C4C724}
		{622111D6-58D9-4116-944C-8018183C2F33} = {7F5E744F-9F51-4215-95BA-1A60D3C4C724}
		{89940584-9D8C-44C9-A955-AD38219B9CC4} = {7F5E744F-9F51-4215-95BA-1A60D3C4C724}
		{818D2815-6DEB-4CA9-AF42-300C1F16806A} = {7F5E744F-9F51-4215-95BA-1A60D3C4C724}
		{ED982C8D-1566-49B3-A9D6-FE06A32F66BB} = {7F5E744F-9F51-4215-95BA-1A60D3C4C724}
	EndGlobalSection
	GlobalSection(ExtensibilityGlobals) = postSolution
		SolutionGuid = {94A49597-3AD4-4123-B249-1BF7F51EB5B8}
	EndGlobalSection
EndGlobal
