
Microsoft Visual Studio Solution File, Format Version 12.00
# Visual Studio 15
VisualStudioVersion = 15.0.28010.2016
MinimumVisualStudioVersion = 10.0.40219.1
Project("{2150E333-8FDC-42A3-9474-1A3956D46DE8}") = "01 kintamieji", "01 kintamieji", "{D13E1DC7-0371-4FCA-AD44-D3E8C99FF056}"
EndProject
Project("{FAE04EC0-301F-11D3-BF4B-00C04F79EFBC}") = "1-1 pavyzdys", "1-1 pavyzdys\1-1 pavyzdys.csproj", "{E15EDB38-2F0E-45B4-AB2A-14055FBFAC18}"
EndProject
Project("{FAE04EC0-301F-11D3-BF4B-00C04F79EFBC}") = "1-2 pavyzdys", "1-2 pavyzdys\1-2 pavyzdys.csproj", "{72FFCD42-A902-4A98-AC65-DDC0F9A66E48}"
EndProject
Project("{FAE04EC0-301F-11D3-BF4B-00C04F79EFBC}") = "1-3 pavyzdys", "1-3 pavyzdys\1-3 pavyzdys.csproj", "{CB8215E2-3B99-4B7C-93EF-48439785C75C}"
EndProject
Project("{FAE04EC0-301F-11D3-BF4B-00C04F79EFBC}") = "1-4 pavyzdys", "1-4 pavyzdys\1-4 pavyzdys.csproj", "{41131531-68B7-4B07-B5D0-E2E389CDBF15}"
EndProject
Project("{FAE04EC0-301F-11D3-BF4B-00C04F79EFBC}") = "1-5 pavyzdys", "1-5 pavyzdys\1-5 pavyzdys.csproj", "{93EC6D57-E24C-44FB-BDFC-ED4FBBDE3430}"
EndProject
Project("{2150E333-8FDC-42A3-9474-1A3956D46DE8}") = "02 isvedimas", "02 isvedimas", "{7F5E744F-9F51-4215-95BA-1A60D3C4C724}"
EndProject
Project("{FAE04EC0-301F-11D3-BF4B-00C04F79EFBC}") = "2-1 pavyzdys", "2-1 pavyzdys\2-1 pavyzdys.csproj", "{62F1E7CA-C8E2-42C2-94DB-3D91F06D22F3}"
EndProject
Project("{FAE04EC0-301F-11D3-BF4B-00C04F79EFBC}") = "2-2 pavyzdys", "2-2 pavyzdys\2-2 pavyzdys.csproj", "{AA1C350E-3E0E-4B4B-AD27-76F4A5852FDA}"
EndProject
Project("{FAE04EC0-301F-11D3-BF4B-00C04F79EFBC}") = "2-3 pavyzdys", "2-3 pavyzdys\2-3 pavyzdys.csproj", "{569B20CA-7E11-4ED9-9A19-1DC95CE38718}"
EndProject
Project("{FAE04EC0-301F-11D3-BF4B-00C04F79EFBC}") = "2-4 pavyzdys", "2-4 pavyzdys\2-4 pavyzdys.csproj", "{DFA5A590-9AED-4A47-855E-1C39516926B4}"
EndProject
Project("{FAE04EC0-301F-11D3-BF4B-00C04F79EFBC}") = "2-5 pavyzdys", "2-5 pavyzdys\2-5 pavyzdys.csproj", "{92E7534D-CF2D-44A1-B332-66DDC0C409D9}"
EndProject
Project("{FAE04EC0-301F-11D3-BF4B-00C04F79EFBC}") = "2-6 pavyzdys", "2-6 pavyzdys\2-6 pavyzdys.csproj", "{669C70C4-B6AD-4445-90B1-80D618C2AF66}"
EndProject
Project("{FAE04EC0-301F-11D3-BF4B-00C04F79EFBC}") = "2-7 pavyzdys", "2-7 pavyzdys\2-7 pavyzdys.csproj", "{70FDC55B-2BEA-4F4D-95D6-59FC89C04343}"
EndProject
Project("{FAE04EC0-301F-11D3-BF4B-00C04F79EFBC}") = "2-8 pavyzdys", "2-8 pavyzdys\2-8 pavyzdys.csproj", "{A7E6E008-79C3-4266-88A3-C87B9CF3B468}"
EndProject
Project("{FAE04EC0-301F-11D3-BF4B-00C04F79EFBC}") = "2-9 pavyzdys", "2-9 pavyzdys\2-9 pavyzdys.csproj", "{45DE55E5-7939-436D-8E63-937BD2BB413A}"
EndProject
Project("{FAE04EC0-301F-11D3-BF4B-00C04F79EFBC}") = "2-10 pavyzdys", "2-10 pavyzdys\2-10 pavyzdys.csproj", "{A0EE5947-6F2D-4A65-ABD0-38C7B007CAAA}"
EndProject
Project("{FAE04EC0-301F-11D3-BF4B-00C04F79EFBC}") = "2-11 pavyzdys", "2-11 pavyzdys\2-11 pavyzdys.csproj", "{F3D5E0F6-3296-4CFC-B343-67737F45F346}"
EndProject
Project("{FAE04EC0-301F-11D3-BF4B-00C04F79EFBC}") = "2-12 pavyzdys", "2-12 pavyzdys\2-12 pavyzdys.csproj", "{8AD87A62-4350-411C-A5D2-622BE8B85D6C}"
EndProject
Project("{FAE04EC0-301F-11D3-BF4B-00C04F79EFBC}") = "2-13 pavyzdys", "2-13 pavyzdys\2-13 pavyzdys.csproj", "{57196AB2-9B33-405E-91AC-79B96C64FCF6}"
EndProject
Project("{FAE04EC0-301F-11D3-BF4B-00C04F79EFBC}") = "2-14 pavyzdys", "2-14 pavyzdys\2-14 pavyzdys.csproj", "{28C2DF4F-A013-43DB-A7F7-76B92E2DCB1C}"
EndProject
Project("{FAE04EC0-301F-11D3-BF4B-00C04F79EFBC}") = "2-15 pavyzdys", "2-15 pavyzdys\2-15 pavyzdys.csproj", "{A6C00874-2D5D-4DA1-B3C8-3A1F37A88E69}"
EndProject
Project("{FAE04EC0-301F-11D3-BF4B-00C04F79EFBC}") = "2-16 pavyzdys", "2-16 pavyzdys\2-16 pavyzdys.csproj", "{622111D6-58D9-4116-944C-8018183C2F33}"
EndProject
Project("{FAE04EC0-301F-11D3-BF4B-00C04F79EFBC}") = "2-17 pavyzdys", "2-17 pavyzdys\2-17 pavyzdys.csproj", "{89940584-9D8C-44C9-A955-AD38219B9CC4}"
EndProject
Project("{FAE04EC0-301F-11D3-BF4B-00C04F79EFBC}") = "2-18 pavyzdys", "2-18 pavyzdys\2-18 pavyzdys.csproj", "{818D2815-6DEB-4CA9-AF42-300C1F16806A}"
EndProject
Project("{FAE04EC0-301F-11D3-BF4B-00C04F79EFBC}") = "2-19 pavyzdys", "2-19 pavyzdys\2-19 pavyzdys.csproj", "{ED982C8D-1566-49B3-A9D6-FE06A32F66BB}"
EndProject
Project("{FAE04EC0-301F-11D3-BF4B-00C04F79EFBC}") = "2-20 pavyzdys", "2-20 pavyzdys\2-20 pavyzdys.csproj", "{D7F0732F-E9E3-403F-9AD6-AAC832FAF374}"
EndProject
Project("{FAE04EC0-301F-11D3-BF4B-00C04F79EFBC}") = "2-21 pavyzdys", "2-21 pavyzdys\2-21 pavyzdys.csproj", "{6E729A92-6ECC-4D15-8CEC-9ED9BBB9A5E7}"
EndProject
Project("{FAE04EC0-301F-11D3-BF4B-00C04F79EFBC}") = "2-22 pavyzdys", "2-22 pavyzdys\2-22 pavyzdys.csproj", "{46BB4C50-903F-4EEB-A703-0B4F1516F803}"
EndProject
Project("{2150E333-8FDC-42A3-9474-1A3956D46DE8}") = "03 aritmetiniai veiksmai", "03 aritmetiniai veiksmai", "{B01EAE1F-100C-43B2-9360-CECAA7D63243}"
EndProject
Project("{FAE04EC0-301F-11D3-BF4B-00C04F79EFBC}") = "3-1 pavyzdys", "3-1 pavyzdys\3-1 pavyzdys.csproj", "{CBA3E2B9-0412-4950-BBD6-A8B17DE45B57}"
EndProject
Project("{FAE04EC0-301F-11D3-BF4B-00C04F79EFBC}") = "3-2 pavyzdys", "3-2 pavyzdys\3-2 pavyzdys.csproj", "{DB337519-F7C0-46F5-9104-2FA590A68486}"
EndProject
Project("{FAE04EC0-301F-11D3-BF4B-00C04F79EFBC}") = "3-3 pavyzdys", "3-3 pavyzdys\3-3 pavyzdys.csproj", "{36144B38-1D6B-4896-8B66-C0D64E0EE9DF}"
EndProject
Project("{FAE04EC0-301F-11D3-BF4B-00C04F79EFBC}") = "3-4 pavyzdys", "3-4 pavyzdys\3-4 pavyzdys.csproj", "{7B88F0AC-40B7-4D91-BF65-F6DBF75EAF4A}"
EndProject
Project("{FAE04EC0-301F-11D3-BF4B-00C04F79EFBC}") = "3-5 pavyzdys", "3-5 pavyzdys\3-5 pavyzdys.csproj", "{4C019958-B764-42AE-97BF-72A615870D80}"
EndProject
Project("{FAE04EC0-301F-11D3-BF4B-00C04F79EFBC}") = "3-6 pavyzdys", "3-6 pavyzdys\3-6 pavyzdys.csproj", "{7FCC81D3-0292-4E22-ACB8-32466F69C7C8}"
EndProject
Project("{FAE04EC0-301F-11D3-BF4B-00C04F79EFBC}") = "3-7 pavyzdys", "3-7 pavyzdys\3-7 pavyzdys.csproj", "{0D95F80F-4FC4-4583-987D-3E03E3E98054}"
EndProject
Project("{FAE04EC0-301F-11D3-BF4B-00C04F79EFBC}") = "3-8 pavyzdys", "3-8 pavyzdys\3-8 pavyzdys.csproj", "{DABF6309-AC17-4242-A7FE-7350043138CD}"
EndProject
Project("{FAE04EC0-301F-11D3-BF4B-00C04F79EFBC}") = "3-9 pavyzdys", "3-9 pavyzdys\3-9 pavyzdys.csproj", "{486D66A6-0A7B-472E-B7F8-823C1C77F843}"
EndProject
Project("{FAE04EC0-301F-11D3-BF4B-00C04F79EFBC}") = "3-10 pavyzdys", "3-10 pavyzdys\3-10 pavyzdys.csproj", "{AC6EEC82-207E-45F1-AFBB-081CD4426D96}"
EndProject
Project("{FAE04EC0-301F-11D3-BF4B-00C04F79EFBC}") = "3-11 pavyzdys", "3-11 pavyzdys\3-11 pavyzdys.csproj", "{6BB5D98C-E80F-4BAD-98D4-689C22C3515B}"
EndProject
Project("{FAE04EC0-301F-11D3-BF4B-00C04F79EFBC}") = "3-12 pavyzdys", "3-12 pavyzdys\3-12 pavyzdys.csproj", "{25DD4684-0787-46C5-895A-594935CF2DED}"
EndProject
Project("{FAE04EC0-301F-11D3-BF4B-00C04F79EFBC}") = "3-13 pavyzdys", "3-13 pavyzdys\3-13 pavyzdys.csproj", "{671168F8-BF91-4A09-9C00-1F67DD7B0F9C}"
EndProject
Project("{FAE04EC0-301F-11D3-BF4B-00C04F79EFBC}") = "3-14 pavyzdys", "3-14 pavyzdys\3-14 pavyzdys.csproj", "{6BA19613-E10D-4E3B-A00E-78645CC8060B}"
EndProject
Project("{2150E333-8FDC-42A3-9474-1A3956D46DE8}") = "04 ivedimas", "04 ivedimas", "{799274CA-ABE1-47FF-B512-62788B48DA0E}"
EndProject
Project("{FAE04EC0-301F-11D3-BF4B-00C04F79EFBC}") = "4-1 pavyzdys", "4-1 pavyzdys\4-1 pavyzdys.csproj", "{98BFDAAC-DAAD-42A3-A071-2F7BE08E2BAD}"
EndProject
Project("{FAE04EC0-301F-11D3-BF4B-00C04F79EFBC}") = "4-2 pavyzdys", "4-2 pavyzdys\4-2 pavyzdys.csproj", "{D0263746-FB26-4843-8CE4-46EB9D661938}"
EndProject
Project("{FAE04EC0-301F-11D3-BF4B-00C04F79EFBC}") = "4-3 pavyzdys", "4-3 pavyzdys\4-3 pavyzdys.csproj", "{7B90A710-5DD3-4708-870F-733DAA5F2887}"
EndProject
Project("{FAE04EC0-301F-11D3-BF4B-00C04F79EFBC}") = "4-4 pavyzdys", "4-4 pavyzdys\4-4 pavyzdys.csproj", "{C275036B-68D6-488E-A24B-BD0FA92CE38D}"
EndProject
Project("{FAE04EC0-301F-11D3-BF4B-00C04F79EFBC}") = "4-5 pavyzdys", "4-5 pavyzdys\4-5 pavyzdys.csproj", "{DE41433B-0061-4485-BA15-34A339472F36}"
EndProject
Project("{FAE04EC0-301F-11D3-BF4B-00C04F79EFBC}") = "4-6 pavyzdys", "4-6 pavyzdys\4-6 pavyzdys.csproj", "{18095AD8-540A-4BA6-AD34-3817919E21A6}"
EndProject
Project("{FAE04EC0-301F-11D3-BF4B-00C04F79EFBC}") = "4-7 pavyzdys", "4-7 pavyzdys\4-7 pavyzdys.csproj", "{962A5D0D-B7C4-4CFC-8AF0-9E752508148C}"
EndProject
Project("{FAE04EC0-301F-11D3-BF4B-00C04F79EFBC}") = "4-8 pavyzdys", "4-8 pavyzdys\4-8 pavyzdys.csproj", "{D3B14588-AE25-45AA-828F-E3F493BC17A1}"
EndProject
Project("{FAE04EC0-301F-11D3-BF4B-00C04F79EFBC}") = "4-9 pavyzdys", "4-9 pavyzdys\4-9 pavyzdys.csproj", "{E4E9D892-6D13-452C-B136-42F36094C736}"
EndProject
Project("{FAE04EC0-301F-11D3-BF4B-00C04F79EFBC}") = "4-10 pavyzdys", "4-10 pavyzdys\4-10 pavyzdys.csproj", "{C6A29C6A-6938-4470-B714-8046BBA4FE0D}"
EndProject
Project("{FAE04EC0-301F-11D3-BF4B-00C04F79EFBC}") = "4-11 pavyzdys", "4-11 pavyzdys\4-11 pavyzdys.csproj", "{DC785974-C836-4F79-B4AE-81D76F62309B}"
EndProject
Project("{FAE04EC0-301F-11D3-BF4B-00C04F79EFBC}") = "4-12 pavyzdys", "4-12 pavyzdys\4-12 pavyzdys.csproj", "{DA95C2B8-5990-4772-A624-AB31159E048A}"
EndProject
Project("{FAE04EC0-301F-11D3-BF4B-00C04F79EFBC}") = "4-13 pavyzdys", "4-13 pavyzdys\4-13 pavyzdys.csproj", "{E3218D29-476A-4A48-8512-D74EE774C8B9}"
EndProject
Project("{FAE04EC0-301F-11D3-BF4B-00C04F79EFBC}") = "4-14 pavyzdys", "4-14 pavyzdys\4-14 pavyzdys.csproj", "{32A1F84F-3EB4-45AD-AB46-A413723E3981}"
EndProject
Project("{FAE04EC0-301F-11D3-BF4B-00C04F79EFBC}") = "4-15 pavyzdys", "4-15 pavyzdys\4-15 pavyzdys.csproj", "{333D26BA-B1C3-432E-9DDA-29B4A0700549}"
EndProject
Project("{FAE04EC0-301F-11D3-BF4B-00C04F79EFBC}") = "4-16 pavyzdys", "4-16 pavyzdys\4-16 pavyzdys.csproj", "{0E0DA533-956A-4795-BDA5-BD78867D33C0}"
EndProject
Project("{2150E333-8FDC-42A3-9474-1A3956D46DE8}") = "05 if salyga", "05 if salyga", "{35F40EF5-6A0B-49FF-8B14-8472D428AB3D}"
EndProject
Project("{FAE04EC0-301F-11D3-BF4B-00C04F79EFBC}") = "5-1 pavyzdys", "5-1 pavyzdys\5-1 pavyzdys.csproj", "{206133F6-34F2-4DF9-A4A4-9D542812B812}"
EndProject
Project("{FAE04EC0-301F-11D3-BF4B-00C04F79EFBC}") = "5-2 pavyzdys", "5-2 pavyzdys\5-2 pavyzdys.csproj", "{9DF90E75-BD7F-4E75-8812-5346D72A90F8}"
EndProject
Project("{FAE04EC0-301F-11D3-BF4B-00C04F79EFBC}") = "5-3 pavyzdys", "5-3 pavyzdys\5-3 pavyzdys.csproj", "{AFF59CBC-85C1-4628-B7FD-75E3D7C74B83}"
EndProject
Project("{FAE04EC0-301F-11D3-BF4B-00C04F79EFBC}") = "5-4 pavyzdys", "5-4 pavyzdys\5-4 pavyzdys.csproj", "{1A2F79CA-886C-446D-A6C8-5478B70C4629}"
EndProject
Project("{FAE04EC0-301F-11D3-BF4B-00C04F79EFBC}") = "5-5 pavyzdys", "5-5 pavyzdys\5-5 pavyzdys.csproj", "{EB8FEA8F-7859-41F5-A964-83CB2201E7B0}"
EndProject
Project("{FAE04EC0-301F-11D3-BF4B-00C04F79EFBC}") = "5-6 pavyzdys", "5-6 pavyzdys\5-6 pavyzdys.csproj", "{D8BC8B5E-9E76-495F-8265-738836695353}"
EndProject
Project("{FAE04EC0-301F-11D3-BF4B-00C04F79EFBC}") = "5-7 pavyzdys", "5-7 pavyzdys\5-7 pavyzdys.csproj", "{E53F82D9-2984-4E56-8F65-DE2D0316AD39}"
EndProject
Project("{FAE04EC0-301F-11D3-BF4B-00C04F79EFBC}") = "5-8 pavyzdys", "5-8 pavyzdys\5-8 pavyzdys.csproj", "{2951C530-D753-4119-9231-2DF7798D1CEE}"
EndProject
Project("{FAE04EC0-301F-11D3-BF4B-00C04F79EFBC}") = "5-9 pavyzdys", "5-9 pavyzdys\5-9 pavyzdys.csproj", "{9622B3FB-46EF-4C06-A211-7B02A69E7E18}"
EndProject
Project("{FAE04EC0-301F-11D3-BF4B-00C04F79EFBC}") = "5-10 pavyzdys", "5-10 pavyzdys\5-10 pavyzdys.csproj", "{80E57049-B1C3-441A-8E32-E44C0C94A66C}"
EndProject
Project("{FAE04EC0-301F-11D3-BF4B-00C04F79EFBC}") = "5-11 pavyzdys", "5-11 pavyzdys\5-11 pavyzdys.csproj", "{F5E21EAC-0DB5-489E-9B25-26E298CD88F3}"
EndProject
Project("{FAE04EC0-301F-11D3-BF4B-00C04F79EFBC}") = "5-12 pavyzdys", "5-12 pavyzdys\5-12 pavyzdys.csproj", "{CC7C3EF3-ED99-4FE6-9E18-17429931E33D}"
EndProject
Project("{FAE04EC0-301F-11D3-BF4B-00C04F79EFBC}") = "5-13 pavyzdys", "5-13 pavyzdys\5-13 pavyzdys.csproj", "{8FB92CA4-EC1A-4C34-97B4-DADB328A7D99}"
EndProject
Project("{FAE04EC0-301F-11D3-BF4B-00C04F79EFBC}") = "5-14 pavyzdys", "5-14 pavyzdys\5-14 pavyzdys.csproj", "{93C4AB10-E7F1-4DBA-9713-CF23F1DFC67F}"
EndProject
Project("{FAE04EC0-301F-11D3-BF4B-00C04F79EFBC}") = "5-15 pavyzdys", "5-15 pavyzdys\5-15 pavyzdys.csproj", "{EDE88030-7021-48AC-BE39-DB8ADF65F78B}"
EndProject
Project("{FAE04EC0-301F-11D3-BF4B-00C04F79EFBC}") = "5-16 pavyzdys", "5-16 pavyzdys\5-16 pavyzdys.csproj", "{1148D371-D571-4DF3-8811-72E8BFB801A5}"
EndProject
Project("{FAE04EC0-301F-11D3-BF4B-00C04F79EFBC}") = "5-17", "5-17\5-17.csproj", "{BA95B084-F643-419C-8A2F-4DC8CBD96FB3}"
EndProject
Project("{FAE04EC0-301F-11D3-BF4B-00C04F79EFBC}") = "5-18 pavyzdys", "5-18 pavyzdys\5-18 pavyzdys.csproj", "{322D2B1C-7F05-4257-9790-D122BA92DF58}"
EndProject
Project("{FAE04EC0-301F-11D3-BF4B-00C04F79EFBC}") = "5-19 pavyzdys", "5-19 pavyzdys\5-19 pavyzdys.csproj", "{39E6CF82-14A7-4AEC-B69B-C242E0B1E120}"
EndProject
Project("{FAE04EC0-301F-11D3-BF4B-00C04F79EFBC}") = "5-20 pavyzdys", "5-20 pavyzdys\5-20 pavyzdys.csproj", "{8EAA9F88-D74A-4A2F-B649-9CD6B915AEA4}"
EndProject
Project("{FAE04EC0-301F-11D3-BF4B-00C04F79EFBC}") = "5-21 pavyzdys", "5-21 pavyzdys\5-21 pavyzdys.csproj", "{21452C5C-33DA-4C82-9F41-46BEB031855B}"
EndProject
Project("{FAE04EC0-301F-11D3-BF4B-00C04F79EFBC}") = "5-22 pavyzdys", "5-22 pavyzdys\5-22 pavyzdys.csproj", "{07B0E1A1-4FB6-49D5-876E-B6F23276A5FA}"
EndProject
Project("{FAE04EC0-301F-11D3-BF4B-00C04F79EFBC}") = "5-23 pavyzdys", "5-23 pavyzdys\5-23 pavyzdys.csproj", "{F724505A-0FA2-4F15-8989-543B2A0968A5}"
EndProject
Project("{FAE04EC0-301F-11D3-BF4B-00C04F79EFBC}") = "5-24 pavyzdys", "5-24 pavyzdys\5-24 pavyzdys.csproj", "{69DFE6EB-5364-46FF-8624-7CB44FA525AC}"
EndProject
Project("{FAE04EC0-301F-11D3-BF4B-00C04F79EFBC}") = "5-25 pavyzdys", "5-25 pavyzdys\5-25 pavyzdys.csproj", "{F525B90D-E51E-429B-AEBC-94969C3435F1}"
EndProject
Project("{2150E333-8FDC-42A3-9474-1A3956D46DE8}") = "06 loginiai patikrinimo operatoriai", "06 loginiai patikrinimo operatoriai", "{DD59CA5B-2F41-42A9-8794-F9A25822C942}"
EndProject
Project("{FAE04EC0-301F-11D3-BF4B-00C04F79EFBC}") = "6-1 pavyzdys", "6-1 pavyzdys\6-1 pavyzdys.csproj", "{0E939B9D-96FD-4BCF-85A8-A36CBB9F4EB5}"
EndProject
Project("{FAE04EC0-301F-11D3-BF4B-00C04F79EFBC}") = "6-2 pavyzdys", "6-2 pavyzdys\6-2 pavyzdys.csproj", "{527A39FF-DE3B-4F4E-8DE8-4839E9799D97}"
EndProject
Project("{FAE04EC0-301F-11D3-BF4B-00C04F79EFBC}") = "6-3 pavyzdys", "6-3 pavyzdys\6-3 pavyzdys.csproj", "{2BF15DC1-E425-4B2B-8512-FF7D62E947EE}"
EndProject
Project("{FAE04EC0-301F-11D3-BF4B-00C04F79EFBC}") = "6-4 pavyzdys", "6-4 pavyzdys\6-4 pavyzdys.csproj", "{00AA19BF-BA2C-4408-871C-5B7D545A7337}"
EndProject
Project("{FAE04EC0-301F-11D3-BF4B-00C04F79EFBC}") = "6-5 pavyzdys", "6-5 pavyzdys\6-5 pavyzdys.csproj", "{1B0670C2-1E89-4B18-8640-4A7FD25B06AA}"
EndProject
Project("{FAE04EC0-301F-11D3-BF4B-00C04F79EFBC}") = "6-6 pavyzdys", "6-6 pavyzdys\6-6 pavyzdys.csproj", "{94626B82-9C42-4E70-9468-4343935F6731}"
EndProject
Project("{FAE04EC0-301F-11D3-BF4B-00C04F79EFBC}") = "6-7 pavyzdys", "6-7 pavyzdys\6-7 pavyzdys.csproj", "{C61953C8-AE97-4EBE-820B-79DD1E5EC456}"
EndProject
Project("{FAE04EC0-301F-11D3-BF4B-00C04F79EFBC}") = "6-8 pavyzdys", "6-8 pavyzdys\6-8 pavyzdys.csproj", "{54CC09C8-DEC1-457D-B332-CF8FD9B3D86F}"
EndProject
Project("{2150E333-8FDC-42A3-9474-1A3956D46DE8}") = "07 patikrinimo salyga switch", "07 patikrinimo salyga switch", "{5498D574-2D1D-4F54-890C-2FC7DDF6F9E8}"
EndProject
Project("{FAE04EC0-301F-11D3-BF4B-00C04F79EFBC}") = "7-1 pavyzdys", "7-1 pavyzdys\7-1 pavyzdys.csproj", "{B0CB961F-EAAA-4FCF-AAB3-D4AAC2A86855}"
EndProject
Global
	GlobalSection(SolutionConfigurationPlatforms) = preSolution
		Debug|Any CPU = Debug|Any CPU
		Release|Any CPU = Release|Any CPU
	EndGlobalSection
	GlobalSection(ProjectConfigurationPlatforms) = postSolution
		{E15EDB38-2F0E-45B4-AB2A-14055FBFAC18}.Debug|Any CPU.ActiveCfg = Debug|Any CPU
		{E15EDB38-2F0E-45B4-AB2A-14055FBFAC18}.Debug|Any CPU.Build.0 = Debug|Any CPU
		{E15EDB38-2F0E-45B4-AB2A-14055FBFAC18}.Release|Any CPU.ActiveCfg = Release|Any CPU
		{E15EDB38-2F0E-45B4-AB2A-14055FBFAC18}.Release|Any CPU.Build.0 = Release|Any CPU
		{72FFCD42-A902-4A98-AC65-DDC0F9A66E48}.Debug|Any CPU.ActiveCfg = Debug|Any CPU
		{72FFCD42-A902-4A98-AC65-DDC0F9A66E48}.Debug|Any CPU.Build.0 = Debug|Any CPU
		{72FFCD42-A902-4A98-AC65-DDC0F9A66E48}.Release|Any CPU.ActiveCfg = Release|Any CPU
		{72FFCD42-A902-4A98-AC65-DDC0F9A66E48}.Release|Any CPU.Build.0 = Release|Any CPU
		{CB8215E2-3B99-4B7C-93EF-48439785C75C}.Debug|Any CPU.ActiveCfg = Debug|Any CPU
		{CB8215E2-3B99-4B7C-93EF-48439785C75C}.Debug|Any CPU.Build.0 = Debug|Any CPU
		{CB8215E2-3B99-4B7C-93EF-48439785C75C}.Release|Any CPU.ActiveCfg = Release|Any CPU
		{CB8215E2-3B99-4B7C-93EF-48439785C75C}.Release|Any CPU.Build.0 = Release|Any CPU
		{41131531-68B7-4B07-B5D0-E2E389CDBF15}.Debug|Any CPU.ActiveCfg = Debug|Any CPU
		{41131531-68B7-4B07-B5D0-E2E389CDBF15}.Debug|Any CPU.Build.0 = Debug|Any CPU
		{41131531-68B7-4B07-B5D0-E2E389CDBF15}.Release|Any CPU.ActiveCfg = Release|Any CPU
		{41131531-68B7-4B07-B5D0-E2E389CDBF15}.Release|Any CPU.Build.0 = Release|Any CPU
		{93EC6D57-E24C-44FB-BDFC-ED4FBBDE3430}.Debug|Any CPU.ActiveCfg = Debug|Any CPU
		{93EC6D57-E24C-44FB-BDFC-ED4FBBDE3430}.Debug|Any CPU.Build.0 = Debug|Any CPU
		{93EC6D57-E24C-44FB-BDFC-ED4FBBDE3430}.Release|Any CPU.ActiveCfg = Release|Any CPU
		{93EC6D57-E24C-44FB-BDFC-ED4FBBDE3430}.Release|Any CPU.Build.0 = Release|Any CPU
		{62F1E7CA-C8E2-42C2-94DB-3D91F06D22F3}.Debug|Any CPU.ActiveCfg = Debug|Any CPU
		{62F1E7CA-C8E2-42C2-94DB-3D91F06D22F3}.Debug|Any CPU.Build.0 = Debug|Any CPU
		{62F1E7CA-C8E2-42C2-94DB-3D91F06D22F3}.Release|Any CPU.ActiveCfg = Release|Any CPU
		{62F1E7CA-C8E2-42C2-94DB-3D91F06D22F3}.Release|Any CPU.Build.0 = Release|Any CPU
		{AA1C350E-3E0E-4B4B-AD27-76F4A5852FDA}.Debug|Any CPU.ActiveCfg = Debug|Any CPU
		{AA1C350E-3E0E-4B4B-AD27-76F4A5852FDA}.Debug|Any CPU.Build.0 = Debug|Any CPU
		{AA1C350E-3E0E-4B4B-AD27-76F4A5852FDA}.Release|Any CPU.ActiveCfg = Release|Any CPU
		{AA1C350E-3E0E-4B4B-AD27-76F4A5852FDA}.Release|Any CPU.Build.0 = Release|Any CPU
		{569B20CA-7E11-4ED9-9A19-1DC95CE38718}.Debug|Any CPU.ActiveCfg = Debug|Any CPU
		{569B20CA-7E11-4ED9-9A19-1DC95CE38718}.Debug|Any CPU.Build.0 = Debug|Any CPU
		{569B20CA-7E11-4ED9-9A19-1DC95CE38718}.Release|Any CPU.ActiveCfg = Release|Any CPU
		{569B20CA-7E11-4ED9-9A19-1DC95CE38718}.Release|Any CPU.Build.0 = Release|Any CPU
		{DFA5A590-9AED-4A47-855E-1C39516926B4}.Debug|Any CPU.ActiveCfg = Debug|Any CPU
		{DFA5A590-9AED-4A47-855E-1C39516926B4}.Debug|Any CPU.Build.0 = Debug|Any CPU
		{DFA5A590-9AED-4A47-855E-1C39516926B4}.Release|Any CPU.ActiveCfg = Release|Any CPU
		{DFA5A590-9AED-4A47-855E-1C39516926B4}.Release|Any CPU.Build.0 = Release|Any CPU
		{92E7534D-CF2D-44A1-B332-66DDC0C409D9}.Debug|Any CPU.ActiveCfg = Debug|Any CPU
		{92E7534D-CF2D-44A1-B332-66DDC0C409D9}.Debug|Any CPU.Build.0 = Debug|Any CPU
		{92E7534D-CF2D-44A1-B332-66DDC0C409D9}.Release|Any CPU.ActiveCfg = Release|Any CPU
		{92E7534D-CF2D-44A1-B332-66DDC0C409D9}.Release|Any CPU.Build.0 = Release|Any CPU
		{669C70C4-B6AD-4445-90B1-80D618C2AF66}.Debug|Any CPU.ActiveCfg = Debug|Any CPU
		{669C70C4-B6AD-4445-90B1-80D618C2AF66}.Debug|Any CPU.Build.0 = Debug|Any CPU
		{669C70C4-B6AD-4445-90B1-80D618C2AF66}.Release|Any CPU.ActiveCfg = Release|Any CPU
		{669C70C4-B6AD-4445-90B1-80D618C2AF66}.Release|Any CPU.Build.0 = Release|Any CPU
		{70FDC55B-2BEA-4F4D-95D6-59FC89C04343}.Debug|Any CPU.ActiveCfg = Debug|Any CPU
		{70FDC55B-2BEA-4F4D-95D6-59FC89C04343}.Debug|Any CPU.Build.0 = Debug|Any CPU
		{70FDC55B-2BEA-4F4D-95D6-59FC89C04343}.Release|Any CPU.ActiveCfg = Release|Any CPU
		{70FDC55B-2BEA-4F4D-95D6-59FC89C04343}.Release|Any CPU.Build.0 = Release|Any CPU
		{A7E6E008-79C3-4266-88A3-C87B9CF3B468}.Debug|Any CPU.ActiveCfg = Debug|Any CPU
		{A7E6E008-79C3-4266-88A3-C87B9CF3B468}.Debug|Any CPU.Build.0 = Debug|Any CPU
		{A7E6E008-79C3-4266-88A3-C87B9CF3B468}.Release|Any CPU.ActiveCfg = Release|Any CPU
		{A7E6E008-79C3-4266-88A3-C87B9CF3B468}.Release|Any CPU.Build.0 = Release|Any CPU
		{45DE55E5-7939-436D-8E63-937BD2BB413A}.Debug|Any CPU.ActiveCfg = Debug|Any CPU
		{45DE55E5-7939-436D-8E63-937BD2BB413A}.Debug|Any CPU.Build.0 = Debug|Any CPU
		{45DE55E5-7939-436D-8E63-937BD2BB413A}.Release|Any CPU.ActiveCfg = Release|Any CPU
		{45DE55E5-7939-436D-8E63-937BD2BB413A}.Release|Any CPU.Build.0 = Release|Any CPU
		{A0EE5947-6F2D-4A65-ABD0-38C7B007CAAA}.Debug|Any CPU.ActiveCfg = Debug|Any CPU
		{A0EE5947-6F2D-4A65-ABD0-38C7B007CAAA}.Debug|Any CPU.Build.0 = Debug|Any CPU
		{A0EE5947-6F2D-4A65-ABD0-38C7B007CAAA}.Release|Any CPU.ActiveCfg = Release|Any CPU
		{A0EE5947-6F2D-4A65-ABD0-38C7B007CAAA}.Release|Any CPU.Build.0 = Release|Any CPU
		{F3D5E0F6-3296-4CFC-B343-67737F45F346}.Debug|Any CPU.ActiveCfg = Debug|Any CPU
		{F3D5E0F6-3296-4CFC-B343-67737F45F346}.Debug|Any CPU.Build.0 = Debug|Any CPU
		{F3D5E0F6-3296-4CFC-B343-67737F45F346}.Release|Any CPU.ActiveCfg = Release|Any CPU
		{F3D5E0F6-3296-4CFC-B343-67737F45F346}.Release|Any CPU.Build.0 = Release|Any CPU
		{8AD87A62-4350-411C-A5D2-622BE8B85D6C}.Debug|Any CPU.ActiveCfg = Debug|Any CPU
		{8AD87A62-4350-411C-A5D2-622BE8B85D6C}.Debug|Any CPU.Build.0 = Debug|Any CPU
		{8AD87A62-4350-411C-A5D2-622BE8B85D6C}.Release|Any CPU.ActiveCfg = Release|Any CPU
		{8AD87A62-4350-411C-A5D2-622BE8B85D6C}.Release|Any CPU.Build.0 = Release|Any CPU
		{57196AB2-9B33-405E-91AC-79B96C64FCF6}.Debug|Any CPU.ActiveCfg = Debug|Any CPU
		{57196AB2-9B33-405E-91AC-79B96C64FCF6}.Debug|Any CPU.Build.0 = Debug|Any CPU
		{57196AB2-9B33-405E-91AC-79B96C64FCF6}.Release|Any CPU.ActiveCfg = Release|Any CPU
		{57196AB2-9B33-405E-91AC-79B96C64FCF6}.Release|Any CPU.Build.0 = Release|Any CPU
		{28C2DF4F-A013-43DB-A7F7-76B92E2DCB1C}.Debug|Any CPU.ActiveCfg = Debug|Any CPU
		{28C2DF4F-A013-43DB-A7F7-76B92E2DCB1C}.Debug|Any CPU.Build.0 = Debug|Any CPU
		{28C2DF4F-A013-43DB-A7F7-76B92E2DCB1C}.Release|Any CPU.ActiveCfg = Release|Any CPU
		{28C2DF4F-A013-43DB-A7F7-76B92E2DCB1C}.Release|Any CPU.Build.0 = Release|Any CPU
		{A6C00874-2D5D-4DA1-B3C8-3A1F37A88E69}.Debug|Any CPU.ActiveCfg = Debug|Any CPU
		{A6C00874-2D5D-4DA1-B3C8-3A1F37A88E69}.Debug|Any CPU.Build.0 = Debug|Any CPU
		{A6C00874-2D5D-4DA1-B3C8-3A1F37A88E69}.Release|Any CPU.ActiveCfg = Release|Any CPU
		{A6C00874-2D5D-4DA1-B3C8-3A1F37A88E69}.Release|Any CPU.Build.0 = Release|Any CPU
		{622111D6-58D9-4116-944C-8018183C2F33}.Debug|Any CPU.ActiveCfg = Debug|Any CPU
		{622111D6-58D9-4116-944C-8018183C2F33}.Debug|Any CPU.Build.0 = Debug|Any CPU
		{622111D6-58D9-4116-944C-8018183C2F33}.Release|Any CPU.ActiveCfg = Release|Any CPU
		{622111D6-58D9-4116-944C-8018183C2F33}.Release|Any CPU.Build.0 = Release|Any CPU
		{89940584-9D8C-44C9-A955-AD38219B9CC4}.Debug|Any CPU.ActiveCfg = Debug|Any CPU
		{89940584-9D8C-44C9-A955-AD38219B9CC4}.Debug|Any CPU.Build.0 = Debug|Any CPU
		{89940584-9D8C-44C9-A955-AD38219B9CC4}.Release|Any CPU.ActiveCfg = Release|Any CPU
		{89940584-9D8C-44C9-A955-AD38219B9CC4}.Release|Any CPU.Build.0 = Release|Any CPU
		{818D2815-6DEB-4CA9-AF42-300C1F16806A}.Debug|Any CPU.ActiveCfg = Debug|Any CPU
		{818D2815-6DEB-4CA9-AF42-300C1F16806A}.Debug|Any CPU.Build.0 = Debug|Any CPU
		{818D2815-6DEB-4CA9-AF42-300C1F16806A}.Release|Any CPU.ActiveCfg = Release|Any CPU
		{818D2815-6DEB-4CA9-AF42-300C1F16806A}.Release|Any CPU.Build.0 = Release|Any CPU
		{ED982C8D-1566-49B3-A9D6-FE06A32F66BB}.Debug|Any CPU.ActiveCfg = Debug|Any CPU
		{ED982C8D-1566-49B3-A9D6-FE06A32F66BB}.Debug|Any CPU.Build.0 = Debug|Any CPU
		{ED982C8D-1566-49B3-A9D6-FE06A32F66BB}.Release|Any CPU.ActiveCfg = Release|Any CPU
		{ED982C8D-1566-49B3-A9D6-FE06A32F66BB}.Release|Any CPU.Build.0 = Release|Any CPU
		{D7F0732F-E9E3-403F-9AD6-AAC832FAF374}.Debug|Any CPU.ActiveCfg = Debug|Any CPU
		{D7F0732F-E9E3-403F-9AD6-AAC832FAF374}.Debug|Any CPU.Build.0 = Debug|Any CPU
		{D7F0732F-E9E3-403F-9AD6-AAC832FAF374}.Release|Any CPU.ActiveCfg = Release|Any CPU
		{D7F0732F-E9E3-403F-9AD6-AAC832FAF374}.Release|Any CPU.Build.0 = Release|Any CPU
		{6E729A92-6ECC-4D15-8CEC-9ED9BBB9A5E7}.Debug|Any CPU.ActiveCfg = Debug|Any CPU
		{6E729A92-6ECC-4D15-8CEC-9ED9BBB9A5E7}.Debug|Any CPU.Build.0 = Debug|Any CPU
		{6E729A92-6ECC-4D15-8CEC-9ED9BBB9A5E7}.Release|Any CPU.ActiveCfg = Release|Any CPU
		{6E729A92-6ECC-4D15-8CEC-9ED9BBB9A5E7}.Release|Any CPU.Build.0 = Release|Any CPU
		{46BB4C50-903F-4EEB-A703-0B4F1516F803}.Debug|Any CPU.ActiveCfg = Debug|Any CPU
		{46BB4C50-903F-4EEB-A703-0B4F1516F803}.Debug|Any CPU.Build.0 = Debug|Any CPU
		{46BB4C50-903F-4EEB-A703-0B4F1516F803}.Release|Any CPU.ActiveCfg = Release|Any CPU
		{46BB4C50-903F-4EEB-A703-0B4F1516F803}.Release|Any CPU.Build.0 = Release|Any CPU
		{CBA3E2B9-0412-4950-BBD6-A8B17DE45B57}.Debug|Any CPU.ActiveCfg = Debug|Any CPU
		{CBA3E2B9-0412-4950-BBD6-A8B17DE45B57}.Debug|Any CPU.Build.0 = Debug|Any CPU
		{CBA3E2B9-0412-4950-BBD6-A8B17DE45B57}.Release|Any CPU.ActiveCfg = Release|Any CPU
		{CBA3E2B9-0412-4950-BBD6-A8B17DE45B57}.Release|Any CPU.Build.0 = Release|Any CPU
		{DB337519-F7C0-46F5-9104-2FA590A68486}.Debug|Any CPU.ActiveCfg = Debug|Any CPU
		{DB337519-F7C0-46F5-9104-2FA590A68486}.Debug|Any CPU.Build.0 = Debug|Any CPU
		{DB337519-F7C0-46F5-9104-2FA590A68486}.Release|Any CPU.ActiveCfg = Release|Any CPU
		{DB337519-F7C0-46F5-9104-2FA590A68486}.Release|Any CPU.Build.0 = Release|Any CPU
		{36144B38-1D6B-4896-8B66-C0D64E0EE9DF}.Debug|Any CPU.ActiveCfg = Debug|Any CPU
		{36144B38-1D6B-4896-8B66-C0D64E0EE9DF}.Debug|Any CPU.Build.0 = Debug|Any CPU
		{36144B38-1D6B-4896-8B66-C0D64E0EE9DF}.Release|Any CPU.ActiveCfg = Release|Any CPU
		{36144B38-1D6B-4896-8B66-C0D64E0EE9DF}.Release|Any CPU.Build.0 = Release|Any CPU
		{7B88F0AC-40B7-4D91-BF65-F6DBF75EAF4A}.Debug|Any CPU.ActiveCfg = Debug|Any CPU
		{7B88F0AC-40B7-4D91-BF65-F6DBF75EAF4A}.Debug|Any CPU.Build.0 = Debug|Any CPU
		{7B88F0AC-40B7-4D91-BF65-F6DBF75EAF4A}.Release|Any CPU.ActiveCfg = Release|Any CPU
		{7B88F0AC-40B7-4D91-BF65-F6DBF75EAF4A}.Release|Any CPU.Build.0 = Release|Any CPU
		{4C019958-B764-42AE-97BF-72A615870D80}.Debug|Any CPU.ActiveCfg = Debug|Any CPU
		{4C019958-B764-42AE-97BF-72A615870D80}.Debug|Any CPU.Build.0 = Debug|Any CPU
		{4C019958-B764-42AE-97BF-72A615870D80}.Release|Any CPU.ActiveCfg = Release|Any CPU
		{4C019958-B764-42AE-97BF-72A615870D80}.Release|Any CPU.Build.0 = Release|Any CPU
		{7FCC81D3-0292-4E22-ACB8-32466F69C7C8}.Debug|Any CPU.ActiveCfg = Debug|Any CPU
		{7FCC81D3-0292-4E22-ACB8-32466F69C7C8}.Debug|Any CPU.Build.0 = Debug|Any CPU
		{7FCC81D3-0292-4E22-ACB8-32466F69C7C8}.Release|Any CPU.ActiveCfg = Release|Any CPU
		{7FCC81D3-0292-4E22-ACB8-32466F69C7C8}.Release|Any CPU.Build.0 = Release|Any CPU
		{0D95F80F-4FC4-4583-987D-3E03E3E98054}.Debug|Any CPU.ActiveCfg = Debug|Any CPU
		{0D95F80F-4FC4-4583-987D-3E03E3E98054}.Debug|Any CPU.Build.0 = Debug|Any CPU
		{0D95F80F-4FC4-4583-987D-3E03E3E98054}.Release|Any CPU.ActiveCfg = Release|Any CPU
		{0D95F80F-4FC4-4583-987D-3E03E3E98054}.Release|Any CPU.Build.0 = Release|Any CPU
		{DABF6309-AC17-4242-A7FE-7350043138CD}.Debug|Any CPU.ActiveCfg = Debug|Any CPU
		{DABF6309-AC17-4242-A7FE-7350043138CD}.Debug|Any CPU.Build.0 = Debug|Any CPU
		{DABF6309-AC17-4242-A7FE-7350043138CD}.Release|Any CPU.ActiveCfg = Release|Any CPU
		{DABF6309-AC17-4242-A7FE-7350043138CD}.Release|Any CPU.Build.0 = Release|Any CPU
		{486D66A6-0A7B-472E-B7F8-823C1C77F843}.Debug|Any CPU.ActiveCfg = Debug|Any CPU
		{486D66A6-0A7B-472E-B7F8-823C1C77F843}.Debug|Any CPU.Build.0 = Debug|Any CPU
		{486D66A6-0A7B-472E-B7F8-823C1C77F843}.Release|Any CPU.ActiveCfg = Release|Any CPU
		{486D66A6-0A7B-472E-B7F8-823C1C77F843}.Release|Any CPU.Build.0 = Release|Any CPU
		{AC6EEC82-207E-45F1-AFBB-081CD4426D96}.Debug|Any CPU.ActiveCfg = Debug|Any CPU
		{AC6EEC82-207E-45F1-AFBB-081CD4426D96}.Debug|Any CPU.Build.0 = Debug|Any CPU
		{AC6EEC82-207E-45F1-AFBB-081CD4426D96}.Release|Any CPU.ActiveCfg = Release|Any CPU
		{AC6EEC82-207E-45F1-AFBB-081CD4426D96}.Release|Any CPU.Build.0 = Release|Any CPU
		{6BB5D98C-E80F-4BAD-98D4-689C22C3515B}.Debug|Any CPU.ActiveCfg = Debug|Any CPU
		{6BB5D98C-E80F-4BAD-98D4-689C22C3515B}.Debug|Any CPU.Build.0 = Debug|Any CPU
		{6BB5D98C-E80F-4BAD-98D4-689C22C3515B}.Release|Any CPU.ActiveCfg = Release|Any CPU
		{6BB5D98C-E80F-4BAD-98D4-689C22C3515B}.Release|Any CPU.Build.0 = Release|Any CPU
		{25DD4684-0787-46C5-895A-594935CF2DED}.Debug|Any CPU.ActiveCfg = Debug|Any CPU
		{25DD4684-0787-46C5-895A-594935CF2DED}.Debug|Any CPU.Build.0 = Debug|Any CPU
		{25DD4684-0787-46C5-895A-594935CF2DED}.Release|Any CPU.ActiveCfg = Release|Any CPU
		{25DD4684-0787-46C5-895A-594935CF2DED}.Release|Any CPU.Build.0 = Release|Any CPU
		{671168F8-BF91-4A09-9C00-1F67DD7B0F9C}.Debug|Any CPU.ActiveCfg = Debug|Any CPU
		{671168F8-BF91-4A09-9C00-1F67DD7B0F9C}.Debug|Any CPU.Build.0 = Debug|Any CPU
		{671168F8-BF91-4A09-9C00-1F67DD7B0F9C}.Release|Any CPU.ActiveCfg = Release|Any CPU
		{671168F8-BF91-4A09-9C00-1F67DD7B0F9C}.Release|Any CPU.Build.0 = Release|Any CPU
		{6BA19613-E10D-4E3B-A00E-78645CC8060B}.Debug|Any CPU.ActiveCfg = Debug|Any CPU
		{6BA19613-E10D-4E3B-A00E-78645CC8060B}.Debug|Any CPU.Build.0 = Debug|Any CPU
		{6BA19613-E10D-4E3B-A00E-78645CC8060B}.Release|Any CPU.ActiveCfg = Release|Any CPU
		{6BA19613-E10D-4E3B-A00E-78645CC8060B}.Release|Any CPU.Build.0 = Release|Any CPU
		{98BFDAAC-DAAD-42A3-A071-2F7BE08E2BAD}.Debug|Any CPU.ActiveCfg = Debug|Any CPU
		{98BFDAAC-DAAD-42A3-A071-2F7BE08E2BAD}.Debug|Any CPU.Build.0 = Debug|Any CPU
		{98BFDAAC-DAAD-42A3-A071-2F7BE08E2BAD}.Release|Any CPU.ActiveCfg = Release|Any CPU
		{98BFDAAC-DAAD-42A3-A071-2F7BE08E2BAD}.Release|Any CPU.Build.0 = Release|Any CPU
		{D0263746-FB26-4843-8CE4-46EB9D661938}.Debug|Any CPU.ActiveCfg = Debug|Any CPU
		{D0263746-FB26-4843-8CE4-46EB9D661938}.Debug|Any CPU.Build.0 = Debug|Any CPU
		{D0263746-FB26-4843-8CE4-46EB9D661938}.Release|Any CPU.ActiveCfg = Release|Any CPU
		{D0263746-FB26-4843-8CE4-46EB9D661938}.Release|Any CPU.Build.0 = Release|Any CPU
		{7B90A710-5DD3-4708-870F-733DAA5F2887}.Debug|Any CPU.ActiveCfg = Debug|Any CPU
		{7B90A710-5DD3-4708-870F-733DAA5F2887}.Debug|Any CPU.Build.0 = Debug|Any CPU
		{7B90A710-5DD3-4708-870F-733DAA5F2887}.Release|Any CPU.ActiveCfg = Release|Any CPU
		{7B90A710-5DD3-4708-870F-733DAA5F2887}.Release|Any CPU.Build.0 = Release|Any CPU
		{C275036B-68D6-488E-A24B-BD0FA92CE38D}.Debug|Any CPU.ActiveCfg = Debug|Any CPU
		{C275036B-68D6-488E-A24B-BD0FA92CE38D}.Debug|Any CPU.Build.0 = Debug|Any CPU
		{C275036B-68D6-488E-A24B-BD0FA92CE38D}.Release|Any CPU.ActiveCfg = Release|Any CPU
		{C275036B-68D6-488E-A24B-BD0FA92CE38D}.Release|Any CPU.Build.0 = Release|Any CPU
		{DE41433B-0061-4485-BA15-34A339472F36}.Debug|Any CPU.ActiveCfg = Debug|Any CPU
		{DE41433B-0061-4485-BA15-34A339472F36}.Debug|Any CPU.Build.0 = Debug|Any CPU
		{DE41433B-0061-4485-BA15-34A339472F36}.Release|Any CPU.ActiveCfg = Release|Any CPU
		{DE41433B-0061-4485-BA15-34A339472F36}.Release|Any CPU.Build.0 = Release|Any CPU
		{18095AD8-540A-4BA6-AD34-3817919E21A6}.Debug|Any CPU.ActiveCfg = Debug|Any CPU
		{18095AD8-540A-4BA6-AD34-3817919E21A6}.Debug|Any CPU.Build.0 = Debug|Any CPU
		{18095AD8-540A-4BA6-AD34-3817919E21A6}.Release|Any CPU.ActiveCfg = Release|Any CPU
		{18095AD8-540A-4BA6-AD34-3817919E21A6}.Release|Any CPU.Build.0 = Release|Any CPU
		{962A5D0D-B7C4-4CFC-8AF0-9E752508148C}.Debug|Any CPU.ActiveCfg = Debug|Any CPU
		{962A5D0D-B7C4-4CFC-8AF0-9E752508148C}.Debug|Any CPU.Build.0 = Debug|Any CPU
		{962A5D0D-B7C4-4CFC-8AF0-9E752508148C}.Release|Any CPU.ActiveCfg = Release|Any CPU
		{962A5D0D-B7C4-4CFC-8AF0-9E752508148C}.Release|Any CPU.Build.0 = Release|Any CPU
		{D3B14588-AE25-45AA-828F-E3F493BC17A1}.Debug|Any CPU.ActiveCfg = Debug|Any CPU
		{D3B14588-AE25-45AA-828F-E3F493BC17A1}.Debug|Any CPU.Build.0 = Debug|Any CPU
		{D3B14588-AE25-45AA-828F-E3F493BC17A1}.Release|Any CPU.ActiveCfg = Release|Any CPU
		{D3B14588-AE25-45AA-828F-E3F493BC17A1}.Release|Any CPU.Build.0 = Release|Any CPU
		{E4E9D892-6D13-452C-B136-42F36094C736}.Debug|Any CPU.ActiveCfg = Debug|Any CPU
		{E4E9D892-6D13-452C-B136-42F36094C736}.Debug|Any CPU.Build.0 = Debug|Any CPU
		{E4E9D892-6D13-452C-B136-42F36094C736}.Release|Any CPU.ActiveCfg = Release|Any CPU
		{E4E9D892-6D13-452C-B136-42F36094C736}.Release|Any CPU.Build.0 = Release|Any CPU
		{C6A29C6A-6938-4470-B714-8046BBA4FE0D}.Debug|Any CPU.ActiveCfg = Debug|Any CPU
		{C6A29C6A-6938-4470-B714-8046BBA4FE0D}.Debug|Any CPU.Build.0 = Debug|Any CPU
		{C6A29C6A-6938-4470-B714-8046BBA4FE0D}.Release|Any CPU.ActiveCfg = Release|Any CPU
		{C6A29C6A-6938-4470-B714-8046BBA4FE0D}.Release|Any CPU.Build.0 = Release|Any CPU
		{DC785974-C836-4F79-B4AE-81D76F62309B}.Debug|Any CPU.ActiveCfg = Debug|Any CPU
		{DC785974-C836-4F79-B4AE-81D76F62309B}.Debug|Any CPU.Build.0 = Debug|Any CPU
		{DC785974-C836-4F79-B4AE-81D76F62309B}.Release|Any CPU.ActiveCfg = Release|Any CPU
		{DC785974-C836-4F79-B4AE-81D76F62309B}.Release|Any CPU.Build.0 = Release|Any CPU
		{DA95C2B8-5990-4772-A624-AB31159E048A}.Debug|Any CPU.ActiveCfg = Debug|Any CPU
		{DA95C2B8-5990-4772-A624-AB31159E048A}.Debug|Any CPU.Build.0 = Debug|Any CPU
		{DA95C2B8-5990-4772-A624-AB31159E048A}.Release|Any CPU.ActiveCfg = Release|Any CPU
		{DA95C2B8-5990-4772-A624-AB31159E048A}.Release|Any CPU.Build.0 = Release|Any CPU
		{E3218D29-476A-4A48-8512-D74EE774C8B9}.Debug|Any CPU.ActiveCfg = Debug|Any CPU
		{E3218D29-476A-4A48-8512-D74EE774C8B9}.Debug|Any CPU.Build.0 = Debug|Any CPU
		{E3218D29-476A-4A48-8512-D74EE774C8B9}.Release|Any CPU.ActiveCfg = Release|Any CPU
		{E3218D29-476A-4A48-8512-D74EE774C8B9}.Release|Any CPU.Build.0 = Release|Any CPU
		{32A1F84F-3EB4-45AD-AB46-A413723E3981}.Debug|Any CPU.ActiveCfg = Debug|Any CPU
		{32A1F84F-3EB4-45AD-AB46-A413723E3981}.Debug|Any CPU.Build.0 = Debug|Any CPU
		{32A1F84F-3EB4-45AD-AB46-A413723E3981}.Release|Any CPU.ActiveCfg = Release|Any CPU
		{32A1F84F-3EB4-45AD-AB46-A413723E3981}.Release|Any CPU.Build.0 = Release|Any CPU
		{333D26BA-B1C3-432E-9DDA-29B4A0700549}.Debug|Any CPU.ActiveCfg = Debug|Any CPU
		{333D26BA-B1C3-432E-9DDA-29B4A0700549}.Debug|Any CPU.Build.0 = Debug|Any CPU
		{333D26BA-B1C3-432E-9DDA-29B4A0700549}.Release|Any CPU.ActiveCfg = Release|Any CPU
		{333D26BA-B1C3-432E-9DDA-29B4A0700549}.Release|Any CPU.Build.0 = Release|Any CPU
		{0E0DA533-956A-4795-BDA5-BD78867D33C0}.Debug|Any CPU.ActiveCfg = Debug|Any CPU
		{0E0DA533-956A-4795-BDA5-BD78867D33C0}.Debug|Any CPU.Build.0 = Debug|Any CPU
		{0E0DA533-956A-4795-BDA5-BD78867D33C0}.Release|Any CPU.ActiveCfg = Release|Any CPU
		{0E0DA533-956A-4795-BDA5-BD78867D33C0}.Release|Any CPU.Build.0 = Release|Any CPU
		{206133F6-34F2-4DF9-A4A4-9D542812B812}.Debug|Any CPU.ActiveCfg = Debug|Any CPU
		{206133F6-34F2-4DF9-A4A4-9D542812B812}.Debug|Any CPU.Build.0 = Debug|Any CPU
		{206133F6-34F2-4DF9-A4A4-9D542812B812}.Release|Any CPU.ActiveCfg = Release|Any CPU
		{206133F6-34F2-4DF9-A4A4-9D542812B812}.Release|Any CPU.Build.0 = Release|Any CPU
		{9DF90E75-BD7F-4E75-8812-5346D72A90F8}.Debug|Any CPU.ActiveCfg = Debug|Any CPU
		{9DF90E75-BD7F-4E75-8812-5346D72A90F8}.Debug|Any CPU.Build.0 = Debug|Any CPU
		{9DF90E75-BD7F-4E75-8812-5346D72A90F8}.Release|Any CPU.ActiveCfg = Release|Any CPU
		{9DF90E75-BD7F-4E75-8812-5346D72A90F8}.Release|Any CPU.Build.0 = Release|Any CPU
		{AFF59CBC-85C1-4628-B7FD-75E3D7C74B83}.Debug|Any CPU.ActiveCfg = Debug|Any CPU
		{AFF59CBC-85C1-4628-B7FD-75E3D7C74B83}.Debug|Any CPU.Build.0 = Debug|Any CPU
		{AFF59CBC-85C1-4628-B7FD-75E3D7C74B83}.Release|Any CPU.ActiveCfg = Release|Any CPU
		{AFF59CBC-85C1-4628-B7FD-75E3D7C74B83}.Release|Any CPU.Build.0 = Release|Any CPU
		{1A2F79CA-886C-446D-A6C8-5478B70C4629}.Debug|Any CPU.ActiveCfg = Debug|Any CPU
		{1A2F79CA-886C-446D-A6C8-5478B70C4629}.Debug|Any CPU.Build.0 = Debug|Any CPU
		{1A2F79CA-886C-446D-A6C8-5478B70C4629}.Release|Any CPU.ActiveCfg = Release|Any CPU
		{1A2F79CA-886C-446D-A6C8-5478B70C4629}.Release|Any CPU.Build.0 = Release|Any CPU
		{EB8FEA8F-7859-41F5-A964-83CB2201E7B0}.Debug|Any CPU.ActiveCfg = Debug|Any CPU
		{EB8FEA8F-7859-41F5-A964-83CB2201E7B0}.Debug|Any CPU.Build.0 = Debug|Any CPU
		{EB8FEA8F-7859-41F5-A964-83CB2201E7B0}.Release|Any CPU.ActiveCfg = Release|Any CPU
		{EB8FEA8F-7859-41F5-A964-83CB2201E7B0}.Release|Any CPU.Build.0 = Release|Any CPU
		{D8BC8B5E-9E76-495F-8265-738836695353}.Debug|Any CPU.ActiveCfg = Debug|Any CPU
		{D8BC8B5E-9E76-495F-8265-738836695353}.Debug|Any CPU.Build.0 = Debug|Any CPU
		{D8BC8B5E-9E76-495F-8265-738836695353}.Release|Any CPU.ActiveCfg = Release|Any CPU
		{D8BC8B5E-9E76-495F-8265-738836695353}.Release|Any CPU.Build.0 = Release|Any CPU
		{E53F82D9-2984-4E56-8F65-DE2D0316AD39}.Debug|Any CPU.ActiveCfg = Debug|Any CPU
		{E53F82D9-2984-4E56-8F65-DE2D0316AD39}.Debug|Any CPU.Build.0 = Debug|Any CPU
		{E53F82D9-2984-4E56-8F65-DE2D0316AD39}.Release|Any CPU.ActiveCfg = Release|Any CPU
		{E53F82D9-2984-4E56-8F65-DE2D0316AD39}.Release|Any CPU.Build.0 = Release|Any CPU
		{2951C530-D753-4119-9231-2DF7798D1CEE}.Debug|Any CPU.ActiveCfg = Debug|Any CPU
		{2951C530-D753-4119-9231-2DF7798D1CEE}.Debug|Any CPU.Build.0 = Debug|Any CPU
		{2951C530-D753-4119-9231-2DF7798D1CEE}.Release|Any CPU.ActiveCfg = Release|Any CPU
		{2951C530-D753-4119-9231-2DF7798D1CEE}.Release|Any CPU.Build.0 = Release|Any CPU
		{9622B3FB-46EF-4C06-A211-7B02A69E7E18}.Debug|Any CPU.ActiveCfg = Debug|Any CPU
		{9622B3FB-46EF-4C06-A211-7B02A69E7E18}.Debug|Any CPU.Build.0 = Debug|Any CPU
		{9622B3FB-46EF-4C06-A211-7B02A69E7E18}.Release|Any CPU.ActiveCfg = Release|Any CPU
		{9622B3FB-46EF-4C06-A211-7B02A69E7E18}.Release|Any CPU.Build.0 = Release|Any CPU
		{80E57049-B1C3-441A-8E32-E44C0C94A66C}.Debug|Any CPU.ActiveCfg = Debug|Any CPU
		{80E57049-B1C3-441A-8E32-E44C0C94A66C}.Debug|Any CPU.Build.0 = Debug|Any CPU
		{80E57049-B1C3-441A-8E32-E44C0C94A66C}.Release|Any CPU.ActiveCfg = Release|Any CPU
		{80E57049-B1C3-441A-8E32-E44C0C94A66C}.Release|Any CPU.Build.0 = Release|Any CPU
		{F5E21EAC-0DB5-489E-9B25-26E298CD88F3}.Debug|Any CPU.ActiveCfg = Debug|Any CPU
		{F5E21EAC-0DB5-489E-9B25-26E298CD88F3}.Debug|Any CPU.Build.0 = Debug|Any CPU
		{F5E21EAC-0DB5-489E-9B25-26E298CD88F3}.Release|Any CPU.ActiveCfg = Release|Any CPU
		{F5E21EAC-0DB5-489E-9B25-26E298CD88F3}.Release|Any CPU.Build.0 = Release|Any CPU
		{CC7C3EF3-ED99-4FE6-9E18-17429931E33D}.Debug|Any CPU.ActiveCfg = Debug|Any CPU
		{CC7C3EF3-ED99-4FE6-9E18-17429931E33D}.Debug|Any CPU.Build.0 = Debug|Any CPU
		{CC7C3EF3-ED99-4FE6-9E18-17429931E33D}.Release|Any CPU.ActiveCfg = Release|Any CPU
		{CC7C3EF3-ED99-4FE6-9E18-17429931E33D}.Release|Any CPU.Build.0 = Release|Any CPU
		{8FB92CA4-EC1A-4C34-97B4-DADB328A7D99}.Debug|Any CPU.ActiveCfg = Debug|Any CPU
		{8FB92CA4-EC1A-4C34-97B4-DADB328A7D99}.Debug|Any CPU.Build.0 = Debug|Any CPU
		{8FB92CA4-EC1A-4C34-97B4-DADB328A7D99}.Release|Any CPU.ActiveCfg = Release|Any CPU
		{8FB92CA4-EC1A-4C34-97B4-DADB328A7D99}.Release|Any CPU.Build.0 = Release|Any CPU
		{93C4AB10-E7F1-4DBA-9713-CF23F1DFC67F}.Debug|Any CPU.ActiveCfg = Debug|Any CPU
		{93C4AB10-E7F1-4DBA-9713-CF23F1DFC67F}.Debug|Any CPU.Build.0 = Debug|Any CPU
		{93C4AB10-E7F1-4DBA-9713-CF23F1DFC67F}.Release|Any CPU.ActiveCfg = Release|Any CPU
		{93C4AB10-E7F1-4DBA-9713-CF23F1DFC67F}.Release|Any CPU.Build.0 = Release|Any CPU
		{EDE88030-7021-48AC-BE39-DB8ADF65F78B}.Debug|Any CPU.ActiveCfg = Debug|Any CPU
		{EDE88030-7021-48AC-BE39-DB8ADF65F78B}.Debug|Any CPU.Build.0 = Debug|Any CPU
		{EDE88030-7021-48AC-BE39-DB8ADF65F78B}.Release|Any CPU.ActiveCfg = Release|Any CPU
		{EDE88030-7021-48AC-BE39-DB8ADF65F78B}.Release|Any CPU.Build.0 = Release|Any CPU
		{1148D371-D571-4DF3-8811-72E8BFB801A5}.Debug|Any CPU.ActiveCfg = Debug|Any CPU
		{1148D371-D571-4DF3-8811-72E8BFB801A5}.Debug|Any CPU.Build.0 = Debug|Any CPU
		{1148D371-D571-4DF3-8811-72E8BFB801A5}.Release|Any CPU.ActiveCfg = Release|Any CPU
		{1148D371-D571-4DF3-8811-72E8BFB801A5}.Release|Any CPU.Build.0 = Release|Any CPU
		{BA95B084-F643-419C-8A2F-4DC8CBD96FB3}.Debug|Any CPU.ActiveCfg = Debug|Any CPU
		{BA95B084-F643-419C-8A2F-4DC8CBD96FB3}.Debug|Any CPU.Build.0 = Debug|Any CPU
		{BA95B084-F643-419C-8A2F-4DC8CBD96FB3}.Release|Any CPU.ActiveCfg = Release|Any CPU
		{BA95B084-F643-419C-8A2F-4DC8CBD96FB3}.Release|Any CPU.Build.0 = Release|Any CPU
		{322D2B1C-7F05-4257-9790-D122BA92DF58}.Debug|Any CPU.ActiveCfg = Debug|Any CPU
		{322D2B1C-7F05-4257-9790-D122BA92DF58}.Debug|Any CPU.Build.0 = Debug|Any CPU
		{322D2B1C-7F05-4257-9790-D122BA92DF58}.Release|Any CPU.ActiveCfg = Release|Any CPU
		{322D2B1C-7F05-4257-9790-D122BA92DF58}.Release|Any CPU.Build.0 = Release|Any CPU
		{39E6CF82-14A7-4AEC-B69B-C242E0B1E120}.Debug|Any CPU.ActiveCfg = Debug|Any CPU
		{39E6CF82-14A7-4AEC-B69B-C242E0B1E120}.Debug|Any CPU.Build.0 = Debug|Any CPU
		{39E6CF82-14A7-4AEC-B69B-C242E0B1E120}.Release|Any CPU.ActiveCfg = Release|Any CPU
		{39E6CF82-14A7-4AEC-B69B-C242E0B1E120}.Release|Any CPU.Build.0 = Release|Any CPU
		{8EAA9F88-D74A-4A2F-B649-9CD6B915AEA4}.Debug|Any CPU.ActiveCfg = Debug|Any CPU
		{8EAA9F88-D74A-4A2F-B649-9CD6B915AEA4}.Debug|Any CPU.Build.0 = Debug|Any CPU
		{8EAA9F88-D74A-4A2F-B649-9CD6B915AEA4}.Release|Any CPU.ActiveCfg = Release|Any CPU
		{8EAA9F88-D74A-4A2F-B649-9CD6B915AEA4}.Release|Any CPU.Build.0 = Release|Any CPU
		{21452C5C-33DA-4C82-9F41-46BEB031855B}.Debug|Any CPU.ActiveCfg = Debug|Any CPU
		{21452C5C-33DA-4C82-9F41-46BEB031855B}.Debug|Any CPU.Build.0 = Debug|Any CPU
		{21452C5C-33DA-4C82-9F41-46BEB031855B}.Release|Any CPU.ActiveCfg = Release|Any CPU
		{21452C5C-33DA-4C82-9F41-46BEB031855B}.Release|Any CPU.Build.0 = Release|Any CPU
		{07B0E1A1-4FB6-49D5-876E-B6F23276A5FA}.Debug|Any CPU.ActiveCfg = Debug|Any CPU
		{07B0E1A1-4FB6-49D5-876E-B6F23276A5FA}.Debug|Any CPU.Build.0 = Debug|Any CPU
		{07B0E1A1-4FB6-49D5-876E-B6F23276A5FA}.Release|Any CPU.ActiveCfg = Release|Any CPU
		{07B0E1A1-4FB6-49D5-876E-B6F23276A5FA}.Release|Any CPU.Build.0 = Release|Any CPU
		{F724505A-0FA2-4F15-8989-543B2A0968A5}.Debug|Any CPU.ActiveCfg = Debug|Any CPU
		{F724505A-0FA2-4F15-8989-543B2A0968A5}.Debug|Any CPU.Build.0 = Debug|Any CPU
		{F724505A-0FA2-4F15-8989-543B2A0968A5}.Release|Any CPU.ActiveCfg = Release|Any CPU
		{F724505A-0FA2-4F15-8989-543B2A0968A5}.Release|Any CPU.Build.0 = Release|Any CPU
		{69DFE6EB-5364-46FF-8624-7CB44FA525AC}.Debug|Any CPU.ActiveCfg = Debug|Any CPU
		{69DFE6EB-5364-46FF-8624-7CB44FA525AC}.Debug|Any CPU.Build.0 = Debug|Any CPU
		{69DFE6EB-5364-46FF-8624-7CB44FA525AC}.Release|Any CPU.ActiveCfg = Release|Any CPU
		{69DFE6EB-5364-46FF-8624-7CB44FA525AC}.Release|Any CPU.Build.0 = Release|Any CPU
		{F525B90D-E51E-429B-AEBC-94969C3435F1}.Debug|Any CPU.ActiveCfg = Debug|Any CPU
		{F525B90D-E51E-429B-AEBC-94969C3435F1}.Debug|Any CPU.Build.0 = Debug|Any CPU
		{F525B90D-E51E-429B-AEBC-94969C3435F1}.Release|Any CPU.ActiveCfg = Release|Any CPU
		{F525B90D-E51E-429B-AEBC-94969C3435F1}.Release|Any CPU.Build.0 = Release|Any CPU
		{0E939B9D-96FD-4BCF-85A8-A36CBB9F4EB5}.Debug|Any CPU.ActiveCfg = Debug|Any CPU
		{0E939B9D-96FD-4BCF-85A8-A36CBB9F4EB5}.Debug|Any CPU.Build.0 = Debug|Any CPU
		{0E939B9D-96FD-4BCF-85A8-A36CBB9F4EB5}.Release|Any CPU.ActiveCfg = Release|Any CPU
		{0E939B9D-96FD-4BCF-85A8-A36CBB9F4EB5}.Release|Any CPU.Build.0 = Release|Any CPU
		{527A39FF-DE3B-4F4E-8DE8-4839E9799D97}.Debug|Any CPU.ActiveCfg = Debug|Any CPU
		{527A39FF-DE3B-4F4E-8DE8-4839E9799D97}.Debug|Any CPU.Build.0 = Debug|Any CPU
		{527A39FF-DE3B-4F4E-8DE8-4839E9799D97}.Release|Any CPU.ActiveCfg = Release|Any CPU
		{527A39FF-DE3B-4F4E-8DE8-4839E9799D97}.Release|Any CPU.Build.0 = Release|Any CPU
		{2BF15DC1-E425-4B2B-8512-FF7D62E947EE}.Debug|Any CPU.ActiveCfg = Debug|Any CPU
		{2BF15DC1-E425-4B2B-8512-FF7D62E947EE}.Debug|Any CPU.Build.0 = Debug|Any CPU
		{2BF15DC1-E425-4B2B-8512-FF7D62E947EE}.Release|Any CPU.ActiveCfg = Release|Any CPU
		{2BF15DC1-E425-4B2B-8512-FF7D62E947EE}.Release|Any CPU.Build.0 = Release|Any CPU
		{00AA19BF-BA2C-4408-871C-5B7D545A7337}.Debug|Any CPU.ActiveCfg = Debug|Any CPU
		{00AA19BF-BA2C-4408-871C-5B7D545A7337}.Debug|Any CPU.Build.0 = Debug|Any CPU
		{00AA19BF-BA2C-4408-871C-5B7D545A7337}.Release|Any CPU.ActiveCfg = Release|Any CPU
		{00AA19BF-BA2C-4408-871C-5B7D545A7337}.Release|Any CPU.Build.0 = Release|Any CPU
		{1B0670C2-1E89-4B18-8640-4A7FD25B06AA}.Debug|Any CPU.ActiveCfg = Debug|Any CPU
		{1B0670C2-1E89-4B18-8640-4A7FD25B06AA}.Debug|Any CPU.Build.0 = Debug|Any CPU
		{1B0670C2-1E89-4B18-8640-4A7FD25B06AA}.Release|Any CPU.ActiveCfg = Release|Any CPU
		{1B0670C2-1E89-4B18-8640-4A7FD25B06AA}.Release|Any CPU.Build.0 = Release|Any CPU
		{94626B82-9C42-4E70-9468-4343935F6731}.Debug|Any CPU.ActiveCfg = Debug|Any CPU
		{94626B82-9C42-4E70-9468-4343935F6731}.Debug|Any CPU.Build.0 = Debug|Any CPU
		{94626B82-9C42-4E70-9468-4343935F6731}.Release|Any CPU.ActiveCfg = Release|Any CPU
		{94626B82-9C42-4E70-9468-4343935F6731}.Release|Any CPU.Build.0 = Release|Any CPU
		{C61953C8-AE97-4EBE-820B-79DD1E5EC456}.Debug|Any CPU.ActiveCfg = Debug|Any CPU
		{C61953C8-AE97-4EBE-820B-79DD1E5EC456}.Debug|Any CPU.Build.0 = Debug|Any CPU
		{C61953C8-AE97-4EBE-820B-79DD1E5EC456}.Release|Any CPU.ActiveCfg = Release|Any CPU
		{C61953C8-AE97-4EBE-820B-79DD1E5EC456}.Release|Any CPU.Build.0 = Release|Any CPU
		{54CC09C8-DEC1-457D-B332-CF8FD9B3D86F}.Debug|Any CPU.ActiveCfg = Debug|Any CPU
		{54CC09C8-DEC1-457D-B332-CF8FD9B3D86F}.Debug|Any CPU.Build.0 = Debug|Any CPU
		{54CC09C8-DEC1-457D-B332-CF8FD9B3D86F}.Release|Any CPU.ActiveCfg = Release|Any CPU
		{54CC09C8-DEC1-457D-B332-CF8FD9B3D86F}.Release|Any CPU.Build.0 = Release|Any CPU
		{B0CB961F-EAAA-4FCF-AAB3-D4AAC2A86855}.Debug|Any CPU.ActiveCfg = Debug|Any CPU
		{B0CB961F-EAAA-4FCF-AAB3-D4AAC2A86855}.Debug|Any CPU.Build.0 = Debug|Any CPU
		{B0CB961F-EAAA-4FCF-AAB3-D4AAC2A86855}.Release|Any CPU.ActiveCfg = Release|Any CPU
		{B0CB961F-EAAA-4FCF-AAB3-D4AAC2A86855}.Release|Any CPU.Build.0 = Release|Any CPU
	EndGlobalSection
	GlobalSection(SolutionProperties) = preSolution
		HideSolutionNode = FALSE
	EndGlobalSection
	GlobalSection(NestedProjects) = preSolution
		{E15EDB38-2F0E-45B4-AB2A-14055FBFAC18} = {D13E1DC7-0371-4FCA-AD44-D3E8C99FF056}
		{72FFCD42-A902-4A98-AC65-DDC0F9A66E48} = {D13E1DC7-0371-4FCA-AD44-D3E8C99FF056}
		{CB8215E2-3B99-4B7C-93EF-48439785C75C} = {D13E1DC7-0371-4FCA-AD44-D3E8C99FF056}
		{41131531-68B7-4B07-B5D0-E2E389CDBF15} = {D13E1DC7-0371-4FCA-AD44-D3E8C99FF056}
		{93EC6D57-E24C-44FB-BDFC-ED4FBBDE3430} = {D13E1DC7-0371-4FCA-AD44-D3E8C99FF056}
		{62F1E7CA-C8E2-42C2-94DB-3D91F06D22F3} = {7F5E744F-9F51-4215-95BA-1A60D3C4C724}
		{AA1C350E-3E0E-4B4B-AD27-76F4A5852FDA} = {7F5E744F-9F51-4215-95BA-1A60D3C4C724}
		{569B20CA-7E11-4ED9-9A19-1DC95CE38718} = {7F5E744F-9F51-4215-95BA-1A60D3C4C724}
		{DFA5A590-9AED-4A47-855E-1C39516926B4} = {7F5E744F-9F51-4215-95BA-1A60D3C4C724}
		{92E7534D-CF2D-44A1-B332-66DDC0C409D9} = {7F5E744F-9F51-4215-95BA-1A60D3C4C724}
		{669C70C4-B6AD-4445-90B1-80D618C2AF66} = {7F5E744F-9F51-4215-95BA-1A60D3C4C724}
		{70FDC55B-2BEA-4F4D-95D6-59FC89C04343} = {7F5E744F-9F51-4215-95BA-1A60D3C4C724}
		{A7E6E008-79C3-4266-88A3-C87B9CF3B468} = {7F5E744F-9F51-4215-95BA-1A60D3C4C724}
		{45DE55E5-7939-436D-8E63-937BD2BB413A} = {7F5E744F-9F51-4215-95BA-1A60D3C4C724}
		{A0EE5947-6F2D-4A65-ABD0-38C7B007CAAA} = {7F5E744F-9F51-4215-95BA-1A60D3C4C724}
		{F3D5E0F6-3296-4CFC-B343-67737F45F346} = {7F5E744F-9F51-4215-95BA-1A60D3C4C724}
		{8AD87A62-4350-411C-A5D2-622BE8B85D6C} = {7F5E744F-9F51-4215-95BA-1A60D3C4C724}
		{57196AB2-9B33-405E-91AC-79B96C64FCF6} = {7F5E744F-9F51-4215-95BA-1A60D3C4C724}
		{28C2DF4F-A013-43DB-A7F7-76B92E2DCB1C} = {7F5E744F-9F51-4215-95BA-1A60D3C4C724}
		{A6C00874-2D5D-4DA1-B3C8-3A1F37A88E69} = {7F5E744F-9F51-4215-95BA-1A60D3C4C724}
		{622111D6-58D9-4116-944C-8018183C2F33} = {7F5E744F-9F51-4215-95BA-1A60D3C4C724}
		{89940584-9D8C-44C9-A955-AD38219B9CC4} = {7F5E744F-9F51-4215-95BA-1A60D3C4C724}
		{818D2815-6DEB-4CA9-AF42-300C1F16806A} = {7F5E744F-9F51-4215-95BA-1A60D3C4C724}
		{ED982C8D-1566-49B3-A9D6-FE06A32F66BB} = {7F5E744F-9F51-4215-95BA-1A60D3C4C724}
		{D7F0732F-E9E3-403F-9AD6-AAC832FAF374} = {7F5E744F-9F51-4215-95BA-1A60D3C4C724}
		{6E729A92-6ECC-4D15-8CEC-9ED9BBB9A5E7} = {7F5E744F-9F51-4215-95BA-1A60D3C4C724}
		{46BB4C50-903F-4EEB-A703-0B4F1516F803} = {7F5E744F-9F51-4215-95BA-1A60D3C4C724}
		{CBA3E2B9-0412-4950-BBD6-A8B17DE45B57} = {B01EAE1F-100C-43B2-9360-CECAA7D63243}
		{DB337519-F7C0-46F5-9104-2FA590A68486} = {B01EAE1F-100C-43B2-9360-CECAA7D63243}
		{36144B38-1D6B-4896-8B66-C0D64E0EE9DF} = {B01EAE1F-100C-43B2-9360-CECAA7D63243}
		{7B88F0AC-40B7-4D91-BF65-F6DBF75EAF4A} = {B01EAE1F-100C-43B2-9360-CECAA7D63243}
		{4C019958-B764-42AE-97BF-72A615870D80} = {B01EAE1F-100C-43B2-9360-CECAA7D63243}
		{7FCC81D3-0292-4E22-ACB8-32466F69C7C8} = {B01EAE1F-100C-43B2-9360-CECAA7D63243}
		{0D95F80F-4FC4-4583-987D-3E03E3E98054} = {B01EAE1F-100C-43B2-9360-CECAA7D63243}
		{DABF6309-AC17-4242-A7FE-7350043138CD} = {B01EAE1F-100C-43B2-9360-CECAA7D63243}
		{486D66A6-0A7B-472E-B7F8-823C1C77F843} = {B01EAE1F-100C-43B2-9360-CECAA7D63243}
		{AC6EEC82-207E-45F1-AFBB-081CD4426D96} = {B01EAE1F-100C-43B2-9360-CECAA7D63243}
		{6BB5D98C-E80F-4BAD-98D4-689C22C3515B} = {B01EAE1F-100C-43B2-9360-CECAA7D63243}
		{25DD4684-0787-46C5-895A-594935CF2DED} = {B01EAE1F-100C-43B2-9360-CECAA7D63243}
		{671168F8-BF91-4A09-9C00-1F67DD7B0F9C} = {B01EAE1F-100C-43B2-9360-CECAA7D63243}
		{6BA19613-E10D-4E3B-A00E-78645CC8060B} = {B01EAE1F-100C-43B2-9360-CECAA7D63243}
		{98BFDAAC-DAAD-42A3-A071-2F7BE08E2BAD} = {799274CA-ABE1-47FF-B512-62788B48DA0E}
		{D0263746-FB26-4843-8CE4-46EB9D661938} = {799274CA-ABE1-47FF-B512-62788B48DA0E}
		{7B90A710-5DD3-4708-870F-733DAA5F2887} = {799274CA-ABE1-47FF-B512-62788B48DA0E}
		{C275036B-68D6-488E-A24B-BD0FA92CE38D} = {799274CA-ABE1-47FF-B512-62788B48DA0E}
		{DE41433B-0061-4485-BA15-34A339472F36} = {799274CA-ABE1-47FF-B512-62788B48DA0E}
		{18095AD8-540A-4BA6-AD34-3817919E21A6} = {799274CA-ABE1-47FF-B512-62788B48DA0E}
		{962A5D0D-B7C4-4CFC-8AF0-9E752508148C} = {799274CA-ABE1-47FF-B512-62788B48DA0E}
		{D3B14588-AE25-45AA-828F-E3F493BC17A1} = {799274CA-ABE1-47FF-B512-62788B48DA0E}
		{E4E9D892-6D13-452C-B136-42F36094C736} = {799274CA-ABE1-47FF-B512-62788B48DA0E}
		{C6A29C6A-6938-4470-B714-8046BBA4FE0D} = {799274CA-ABE1-47FF-B512-62788B48DA0E}
		{DC785974-C836-4F79-B4AE-81D76F62309B} = {799274CA-ABE1-47FF-B512-62788B48DA0E}
		{DA95C2B8-5990-4772-A624-AB31159E048A} = {799274CA-ABE1-47FF-B512-62788B48DA0E}
		{E3218D29-476A-4A48-8512-D74EE774C8B9} = {799274CA-ABE1-47FF-B512-62788B48DA0E}
		{32A1F84F-3EB4-45AD-AB46-A413723E3981} = {799274CA-ABE1-47FF-B512-62788B48DA0E}
		{333D26BA-B1C3-432E-9DDA-29B4A0700549} = {799274CA-ABE1-47FF-B512-62788B48DA0E}
		{0E0DA533-956A-4795-BDA5-BD78867D33C0} = {799274CA-ABE1-47FF-B512-62788B48DA0E}
		{206133F6-34F2-4DF9-A4A4-9D542812B812} = {35F40EF5-6A0B-49FF-8B14-8472D428AB3D}
		{9DF90E75-BD7F-4E75-8812-5346D72A90F8} = {35F40EF5-6A0B-49FF-8B14-8472D428AB3D}
		{AFF59CBC-85C1-4628-B7FD-75E3D7C74B83} = {35F40EF5-6A0B-49FF-8B14-8472D428AB3D}
		{1A2F79CA-886C-446D-A6C8-5478B70C4629} = {35F40EF5-6A0B-49FF-8B14-8472D428AB3D}
		{EB8FEA8F-7859-41F5-A964-83CB2201E7B0} = {35F40EF5-6A0B-49FF-8B14-8472D428AB3D}
		{D8BC8B5E-9E76-495F-8265-738836695353} = {35F40EF5-6A0B-49FF-8B14-8472D428AB3D}
		{E53F82D9-2984-4E56-8F65-DE2D0316AD39} = {35F40EF5-6A0B-49FF-8B14-8472D428AB3D}
		{2951C530-D753-4119-9231-2DF7798D1CEE} = {35F40EF5-6A0B-49FF-8B14-8472D428AB3D}
		{9622B3FB-46EF-4C06-A211-7B02A69E7E18} = {35F40EF5-6A0B-49FF-8B14-8472D428AB3D}
		{80E57049-B1C3-441A-8E32-E44C0C94A66C} = {35F40EF5-6A0B-49FF-8B14-8472D428AB3D}
		{F5E21EAC-0DB5-489E-9B25-26E298CD88F3} = {35F40EF5-6A0B-49FF-8B14-8472D428AB3D}
		{CC7C3EF3-ED99-4FE6-9E18-17429931E33D} = {35F40EF5-6A0B-49FF-8B14-8472D428AB3D}
		{8FB92CA4-EC1A-4C34-97B4-DADB328A7D99} = {35F40EF5-6A0B-49FF-8B14-8472D428AB3D}
		{93C4AB10-E7F1-4DBA-9713-CF23F1DFC67F} = {35F40EF5-6A0B-49FF-8B14-8472D428AB3D}
		{EDE88030-7021-48AC-BE39-DB8ADF65F78B} = {35F40EF5-6A0B-49FF-8B14-8472D428AB3D}
		{1148D371-D571-4DF3-8811-72E8BFB801A5} = {35F40EF5-6A0B-49FF-8B14-8472D428AB3D}
		{BA95B084-F643-419C-8A2F-4DC8CBD96FB3} = {35F40EF5-6A0B-49FF-8B14-8472D428AB3D}
		{322D2B1C-7F05-4257-9790-D122BA92DF58} = {35F40EF5-6A0B-49FF-8B14-8472D428AB3D}
		{39E6CF82-14A7-4AEC-B69B-C242E0B1E120} = {35F40EF5-6A0B-49FF-8B14-8472D428AB3D}
		{8EAA9F88-D74A-4A2F-B649-9CD6B915AEA4} = {35F40EF5-6A0B-49FF-8B14-8472D428AB3D}
		{21452C5C-33DA-4C82-9F41-46BEB031855B} = {35F40EF5-6A0B-49FF-8B14-8472D428AB3D}
		{07B0E1A1-4FB6-49D5-876E-B6F23276A5FA} = {35F40EF5-6A0B-49FF-8B14-8472D428AB3D}
		{F724505A-0FA2-4F15-8989-543B2A0968A5} = {35F40EF5-6A0B-49FF-8B14-8472D428AB3D}
		{69DFE6EB-5364-46FF-8624-7CB44FA525AC} = {35F40EF5-6A0B-49FF-8B14-8472D428AB3D}
		{F525B90D-E51E-429B-AEBC-94969C3435F1} = {35F40EF5-6A0B-49FF-8B14-8472D428AB3D}
		{0E939B9D-96FD-4BCF-85A8-A36CBB9F4EB5} = {DD59CA5B-2F41-42A9-8794-F9A25822C942}
		{527A39FF-DE3B-4F4E-8DE8-4839E9799D97} = {DD59CA5B-2F41-42A9-8794-F9A25822C942}
		{2BF15DC1-E425-4B2B-8512-FF7D62E947EE} = {DD59CA5B-2F41-42A9-8794-F9A25822C942}
		{00AA19BF-BA2C-4408-871C-5B7D545A7337} = {DD59CA5B-2F41-42A9-8794-F9A25822C942}
		{1B0670C2-1E89-4B18-8640-4A7FD25B06AA} = {DD59CA5B-2F41-42A9-8794-F9A25822C942}
		{94626B82-9C42-4E70-9468-4343935F6731} = {DD59CA5B-2F41-42A9-8794-F9A25822C942}
		{C61953C8-AE97-4EBE-820B-79DD1E5EC456} = {DD59CA5B-2F41-42A9-8794-F9A25822C942}
		{54CC09C8-DEC1-457D-B332-CF8FD9B3D86F} = {DD59CA5B-2F41-42A9-8794-F9A25822C942}
		{B0CB961F-EAAA-4FCF-AAB3-D4AAC2A86855} = {5498D574-2D1D-4F54-890C-2FC7DDF6F9E8}
	EndGlobalSection
	GlobalSection(ExtensibilityGlobals) = postSolution
		SolutionGuid = {94A49597-3AD4-4123-B249-1BF7F51EB5B8}
	EndGlobalSection
EndGlobal
